// !$*UTF8*$!
{
	archiveVersion = 1;
	classes = {
	};
	objectVersion = 77;
	objects = {

/* Begin PBXBuildFile section */
		002CD4FFBBDC30D049551BD0 /* NativeGameView+Overlays.swift in Sources */ = {isa = PBXBuildFile; fileRef = 39A485366A3A14D42F508174 /* NativeGameView+Overlays.swift */; };
		04950C6760499D3DEDEC22F1 /* NativeGeopoliticalMap.swift in Sources */ = {isa = PBXBuildFile; fileRef = 9E64CFD59D62B55AC8C72F2D /* NativeGeopoliticalMap.swift */; };
		0B07CB2A56CB4FAF0FD9FF09 /* NativeTypography.swift in Sources */ = {isa = PBXBuildFile; fileRef = D3EF6A87A13040FF905FFF5F /* NativeTypography.swift */; };
		167FDAF23DD3C785B6F0BFE9 /* NativeRateLimiter.swift in Sources */ = {isa = PBXBuildFile; fileRef = 2AEB0653EC506C7D7FFEEA99 /* NativeRateLimiter.swift */; };
		1BEB039B991B8F4438C4726E /* NativeCampaignStore+Persistence.swift in Sources */ = {isa = PBXBuildFile; fileRef = DBFC0EE9C0379ADC45E2C8CE /* NativeCampaignStore+Persistence.swift */; };
		219FE7363F15FD7EB74B30EF /* NativeGameEngine+Victory.swift in Sources */ = {isa = PBXBuildFile; fileRef = 5D8975A239E8936ACF39AC8A /* NativeGameEngine+Victory.swift */; };
		298A5ABAB6BE358D4A3FF184 /* NativeGameEngine+Victory.swift in Sources */ = {isa = PBXBuildFile; fileRef = 5D8975A239E8936ACF39AC8A /* NativeGameEngine+Victory.swift */; };
		374ABC6B0AF2ABC34341EE8C /* NativeGameView+Report.swift in Sources */ = {isa = PBXBuildFile; fileRef = 9BC3CAFBD0368A8216088E3E /* NativeGameView+Report.swift */; };
		37E222186A1FC4D3E2712944 /* NativeErrorPathTests.swift in Sources */ = {isa = PBXBuildFile; fileRef = 418C52F097563CA17D4E0014 /* NativeErrorPathTests.swift */; };
		3ABAE231B4915F73DDEC7536 /* NativeFoundationModelService+Prompts.swift in Sources */ = {isa = PBXBuildFile; fileRef = BD0A08D730A3A4AE913E7738 /* NativeFoundationModelService+Prompts.swift */; };
		3DF127D52FDF71C600B72996 /* Assets.xcassets in Resources */ = {isa = PBXBuildFile; fileRef = E10000000000000000000001 /* Assets.xcassets */; };
		3DF127D62FDF71C600B72996 /* countries.geojson in Resources */ = {isa = PBXBuildFile; fileRef = A100000000000000000000E0 /* countries.geojson */; };
		3DF127D72FDF71C600B72996 /* states.geojson in Resources */ = {isa = PBXBuildFile; fileRef = A100000000000000000000E1 /* states.geojson */; };
		3DF127D82FDF71C600B72996 /* cities.geojson in Resources */ = {isa = PBXBuildFile; fileRef = A100000000000000000000E2 /* cities.geojson */; };
		3DF127D92FDF71C600B72996 /* land.geojson in Resources */ = {isa = PBXBuildFile; fileRef = A100000000000000000000E3 /* land.geojson */; };
		3DF127DA2FDF71C600B72996 /* Assets.xcassets in Resources */ = {isa = PBXBuildFile; fileRef = E10000000000000000000001 /* Assets.xcassets */; };
		3DF127DB2FDF71C600B72996 /* countries.geojson in Resources */ = {isa = PBXBuildFile; fileRef = A100000000000000000000E0 /* countries.geojson */; };
		3DF127DC2FDF71C600B72996 /* states.geojson in Resources */ = {isa = PBXBuildFile; fileRef = A100000000000000000000E1 /* states.geojson */; };
		3DF127DD2FDF71C600B72996 /* cities.geojson in Resources */ = {isa = PBXBuildFile; fileRef = A100000000000000000000E2 /* cities.geojson */; };
		3DF127DE2FDF71C600B72996 /* land.geojson in Resources */ = {isa = PBXBuildFile; fileRef = A100000000000000000000E3 /* land.geojson */; };
		3DF127DF2FDF71C600B72996 /* Assets.xcassets in Resources */ = {isa = PBXBuildFile; fileRef = E10000000000000000000001 /* Assets.xcassets */; };
		3DF127E02FDF71C600B72996 /* countries.geojson in Resources */ = {isa = PBXBuildFile; fileRef = A100000000000000000000E0 /* countries.geojson */; };
		3DF127E12FDF71C600B72996 /* states.geojson in Resources */ = {isa = PBXBuildFile; fileRef = A100000000000000000000E1 /* states.geojson */; };
		3DF127E22FDF71C600B72996 /* cities.geojson in Resources */ = {isa = PBXBuildFile; fileRef = A100000000000000000000E2 /* cities.geojson */; };
		3DF127E32FDF71C600B72996 /* land.geojson in Resources */ = {isa = PBXBuildFile; fileRef = A100000000000000000000E3 /* land.geojson */; };
		4B313FCE5D69F69D12ADCA4D /* NativeContextualHelp.swift in Sources */ = {isa = PBXBuildFile; fileRef = 2DC8B106F3AAF4695E690D56 /* NativeContextualHelp.swift */; };
		4BCA6882281DAAF6D91938CC /* DynamicAIService.swift in Sources */ = {isa = PBXBuildFile; fileRef = CE229A5C669A93DC05CC7EB0 /* DynamicAIService.swift */; };
		5F42D795D46921CBDD9F1002 /* NativeOpenRouterService.swift in Sources */ = {isa = PBXBuildFile; fileRef = 2D4ED6FF0D39E813542C2098 /* NativeOpenRouterService.swift */; };
		66D0663507297F5A6B3CF100 /* NativeWorldMap.swift in Sources */ = {isa = PBXBuildFile; fileRef = 4FBDA4D60396B285CB9D1E5E /* NativeWorldMap.swift */; };
		6DC06FEEEC66BAD0673B0A8F /* DynamicAIService.swift in Sources */ = {isa = PBXBuildFile; fileRef = CE229A5C669A93DC05CC7EB0 /* DynamicAIService.swift */; };
		7A52D39A00675402B2C8B3C7 /* NativeGameEngine+RegionalOrders.swift in Sources */ = {isa = PBXBuildFile; fileRef = 5FFD966862F5E7B1C4159846 /* NativeGameEngine+RegionalOrders.swift */; };
		7D81DBB1A96E2A9D3688E466 /* NativeGameView+Report.swift in Sources */ = {isa = PBXBuildFile; fileRef = 9BC3CAFBD0368A8216088E3E /* NativeGameView+Report.swift */; };
		91D1CE1EF1B4F3F8194A345E /* NativeWorldMap.swift in Sources */ = {isa = PBXBuildFile; fileRef = 4FBDA4D60396B285CB9D1E5E /* NativeWorldMap.swift */; };
		92DC19CA7FBD0588376EA519 /* NativeGameEngine+Dice.swift in Sources */ = {isa = PBXBuildFile; fileRef = E10C45C422245811A0A8CC43 /* NativeGameEngine+Dice.swift */; };
		9BAC38EEA0402C8C0D66A9D2 /* NativeEmbeddingModel.swift in Sources */ = {isa = PBXBuildFile; fileRef = 9EA40BA8130B3E84A09A1F85 /* NativeEmbeddingModel.swift */; };
		9D6EB3A16DB39EA55FDC11D2 /* NativeGameEngine+Dice.swift in Sources */ = {isa = PBXBuildFile; fileRef = E10C45C422245811A0A8CC43 /* NativeGameEngine+Dice.swift */; };
		A10000000000000000000010 /* PaxHistoriaApp.swift in Sources */ = {isa = PBXBuildFile; fileRef = A10000000000000000000001 /* PaxHistoriaApp.swift */; };
		A10000000000000000000011 /* ContentView.swift in Sources */ = {isa = PBXBuildFile; fileRef = A10000000000000000000002 /* ContentView.swift */; };
		A10000000000000000000017 /* PlayerCountry.swift in Sources */ = {isa = PBXBuildFile; fileRef = A10000000000000000000008 /* PlayerCountry.swift */; };
		A10000000000000000000018 /* NativeCampaignStore.swift in Sources */ = {isa = PBXBuildFile; fileRef = A10000000000000000000009 /* NativeCampaignStore.swift */; };
		A10000000000000000000019 /* CountrySelectionView.swift in Sources */ = {isa = PBXBuildFile; fileRef = A1000000000000000000000A /* CountrySelectionView.swift */; };
		A10000000000000000000020 /* PaxHistoriaApp.swift in Sources */ = {isa = PBXBuildFile; fileRef = A10000000000000000000001 /* PaxHistoriaApp.swift */; };
		A10000000000000000000021 /* ContentView.swift in Sources */ = {isa = PBXBuildFile; fileRef = A10000000000000000000002 /* ContentView.swift */; };
		A10000000000000000000027 /* PlayerCountry.swift in Sources */ = {isa = PBXBuildFile; fileRef = A10000000000000000000008 /* PlayerCountry.swift */; };
		A10000000000000000000028 /* NativeCampaignStore.swift in Sources */ = {isa = PBXBuildFile; fileRef = A10000000000000000000009 /* NativeCampaignStore.swift */; };
		A10000000000000000000029 /* CountrySelectionView.swift in Sources */ = {isa = PBXBuildFile; fileRef = A1000000000000000000000A /* CountrySelectionView.swift */; };
		A1000000000000000000002A /* NativeCampaignModels.swift in Sources */ = {isa = PBXBuildFile; fileRef = A1000000000000000000000B /* NativeCampaignModels.swift */; };
		A1000000000000000000002B /* NativeCampaignModels.swift in Sources */ = {isa = PBXBuildFile; fileRef = A1000000000000000000000B /* NativeCampaignModels.swift */; };
		A1000000000000000000002C /* NativeGameEngine.swift in Sources */ = {isa = PBXBuildFile; fileRef = A1000000000000000000000C /* NativeGameEngine.swift */; };
		A1000000000000000000002D /* NativeGameEngine.swift in Sources */ = {isa = PBXBuildFile; fileRef = A1000000000000000000000C /* NativeGameEngine.swift */; };
		A1000000000000000000002E /* NativeFoundationModelService.swift in Sources */ = {isa = PBXBuildFile; fileRef = A1000000000000000000000D /* NativeFoundationModelService.swift */; };
		A1000000000000000000002F /* NativeFoundationModelService.swift in Sources */ = {isa = PBXBuildFile; fileRef = A1000000000000000000000D /* NativeFoundationModelService.swift */; };
		A10000000000000000000034 /* NativeBackendTests.swift in Sources */ = {isa = PBXBuildFile; fileRef = A10000000000000000000033 /* NativeBackendTests.swift */; };
		A1000000000000000000003A /* NativeGameView.swift in Sources */ = {isa = PBXBuildFile; fileRef = A1000000000000000000000E /* NativeGameView.swift */; };
		A1000000000000000000003B /* NativeGameView.swift in Sources */ = {isa = PBXBuildFile; fileRef = A1000000000000000000000E /* NativeGameView.swift */; };
		A1000000000000000000003C /* NativeGameShell.swift in Sources */ = {isa = PBXBuildFile; fileRef = A1000000000000000000000F /* NativeGameShell.swift */; };
		A1000000000000000000003D /* NativeGameShell.swift in Sources */ = {isa = PBXBuildFile; fileRef = A1000000000000000000000F /* NativeGameShell.swift */; };
		A1000000000000000000003E /* NativeCountryCoordinates.swift in Sources */ = {isa = PBXBuildFile; fileRef = A10000000000000000000013 /* NativeCountryCoordinates.swift */; };
		A1000000000000000000003F /* NativeCountryCoordinates.swift in Sources */ = {isa = PBXBuildFile; fileRef = A10000000000000000000013 /* NativeCountryCoordinates.swift */; };
		A10000000000000000000044 /* Native2010WorldModel.swift in Sources */ = {isa = PBXBuildFile; fileRef = A10000000000000000000014 /* Native2010WorldModel.swift */; };
		A10000000000000000000045 /* Native2010WorldModel.swift in Sources */ = {isa = PBXBuildFile; fileRef = A10000000000000000000014 /* Native2010WorldModel.swift */; };
		A10000000000000000000046 /* NativeStrategyContextDatabase.swift in Sources */ = {isa = PBXBuildFile; fileRef = A10000000000000000000015 /* NativeStrategyContextDatabase.swift */; };
		A10000000000000000000047 /* NativeStrategyContextDatabase.swift in Sources */ = {isa = PBXBuildFile; fileRef = A10000000000000000000015 /* NativeStrategyContextDatabase.swift */; };
		A1000000000000000000009B /* NativeWorldEconomicsPanel.swift in Sources */ = {isa = PBXBuildFile; fileRef = A1000000000000000000009A /* NativeWorldEconomicsPanel.swift */; };
		A1000000000000000000009C /* NativeWorldEconomicsPanel.swift in Sources */ = {isa = PBXBuildFile; fileRef = A1000000000000000000009A /* NativeWorldEconomicsPanel.swift */; };
		A1000000000000000000009D /* GeopoliticalMapData.swift in Sources */ = {isa = PBXBuildFile; fileRef = A1000000000000000000009E /* GeopoliticalMapData.swift */; };
		A1000000000000000000009F /* GeopoliticalMapData.swift in Sources */ = {isa = PBXBuildFile; fileRef = A1000000000000000000009E /* GeopoliticalMapData.swift */; };
		A100000000000000000000A4 /* NativeE2ETests.swift in Sources */ = {isa = PBXBuildFile; fileRef = A100000000000000000000A3 /* NativeE2ETests.swift */; };
		A100000000000000000000B3 /* PaxHistoriaiOSUITests.swift in Sources */ = {isa = PBXBuildFile; fileRef = A100000000000000000000B2 /* PaxHistoriaiOSUITests.swift */; };
		A100000000000000000000C4 /* NativeZAITests.swift in Sources */ = {isa = PBXBuildFile; fileRef = A100000000000000000000C3 /* NativeZAITests.swift */; };
		A100000000000000000000F0 /* countries.geojson in Resources */ = {isa = PBXBuildFile; fileRef = A100000000000000000000E0 /* countries.geojson */; };
		A100000000000000000000F1 /* states.geojson in Resources */ = {isa = PBXBuildFile; fileRef = A100000000000000000000E1 /* states.geojson */; };
		A100000000000000000000F2 /* cities.geojson in Resources */ = {isa = PBXBuildFile; fileRef = A100000000000000000000E2 /* cities.geojson */; };
		A100000000000000000000F3 /* land.geojson in Resources */ = {isa = PBXBuildFile; fileRef = A100000000000000000000E3 /* land.geojson */; };
		A100000000000000000000FA /* NativeZAIService.swift in Sources */ = {isa = PBXBuildFile; fileRef = A100000000000000000000FC /* NativeZAIService.swift */; };
		A100000000000000000000FB /* NativeZAIService.swift in Sources */ = {isa = PBXBuildFile; fileRef = A100000000000000000000FC /* NativeZAIService.swift */; };
		A1000000000000AAAA000002 /* Localizable.xcstrings in Resources */ = {isa = PBXBuildFile; fileRef = A1000000000000AAAA000001 /* Localizable.xcstrings */; };
		A1000000000000AAAA000003 /* Localizable.xcstrings in Resources */ = {isa = PBXBuildFile; fileRef = A1000000000000AAAA000001 /* Localizable.xcstrings */; };
		A9C6C1664B222334D747DC72 /* NativeModuleTests.swift in Sources */ = {isa = PBXBuildFile; fileRef = 59D04D350C19D6D7A8E0C871 /* NativeModuleTests.swift */; };
		B20000000000000000000003 /* NativeMetalMapBackdrop.swift in Sources */ = {isa = PBXBuildFile; fileRef = B20000000000000000000001 /* NativeMetalMapBackdrop.swift */; };
		B20000000000000000000004 /* NativeMetalMapBackdrop.swift in Sources */ = {isa = PBXBuildFile; fileRef = B20000000000000000000001 /* NativeMetalMapBackdrop.swift */; };
		B6379D7A73994FC0F3EBA6FD /* NativeEconomicModels.swift in Sources */ = {isa = PBXBuildFile; fileRef = 603C327AE840A2A8220AE141 /* NativeEconomicModels.swift */; };
		BA34B24F6E97E8B3DBAAEE85 /* NativeEmbeddingModel.swift in Sources */ = {isa = PBXBuildFile; fileRef = 9EA40BA8130B3E84A09A1F85 /* NativeEmbeddingModel.swift */; };
		C69FF108AA2118AC6289612E /* NativeGameEngine+RegionalOrders.swift in Sources */ = {isa = PBXBuildFile; fileRef = 5FFD966862F5E7B1C4159846 /* NativeGameEngine+RegionalOrders.swift */; };
		C711A78BB26E09BF714C9188 /* NativeQuickActionCatalog.swift in Sources */ = {isa = PBXBuildFile; fileRef = 801F3CC5E4D679F95A9F6655 /* NativeQuickActionCatalog.swift */; };
		C8F0051C547C7E745BEEA9C5 /* NativeGameView+Rows.swift in Sources */ = {isa = PBXBuildFile; fileRef = E145CBC007C9EDF93856022F /* NativeGameView+Rows.swift */; };
		E10000000000000000000002 /* Assets.xcassets in Resources */ = {isa = PBXBuildFile; fileRef = E10000000000000000000001 /* Assets.xcassets */; };
		E67A73BE7C89EA6C8F742FD6 /* NativeEconomicModels.swift in Sources */ = {isa = PBXBuildFile; fileRef = 603C327AE840A2A8220AE141 /* NativeEconomicModels.swift */; };
		E840C3AFAF5454DA27A458C1 /* NativeRateLimiter.swift in Sources */ = {isa = PBXBuildFile; fileRef = 2AEB0653EC506C7D7FFEEA99 /* NativeRateLimiter.swift */; };
		EA8C0B64EBEF8CB8D03725B1 /* NativeGameView+Overlays.swift in Sources */ = {isa = PBXBuildFile; fileRef = 39A485366A3A14D42F508174 /* NativeGameView+Overlays.swift */; };
		F10000000000000000000101 /* NativeGameShellShared.swift in Sources */ = {isa = PBXBuildFile; fileRef = F10000000000000000000103 /* NativeGameShellShared.swift */; };
		F10000000000000000000102 /* NativeGameShellShared.swift in Sources */ = {isa = PBXBuildFile; fileRef = F10000000000000000000103 /* NativeGameShellShared.swift */; };
		F10000000000000000000104 /* NativeMapComponents.swift in Sources */ = {isa = PBXBuildFile; fileRef = F10000000000000000000106 /* NativeMapComponents.swift */; };
		F10000000000000000000105 /* NativeMapComponents.swift in Sources */ = {isa = PBXBuildFile; fileRef = F10000000000000000000106 /* NativeMapComponents.swift */; };
		F10000000000000000000107 /* NativeOverviewComponents.swift in Sources */ = {isa = PBXBuildFile; fileRef = F10000000000000000000109 /* NativeOverviewComponents.swift */; };
		F10000000000000000000108 /* NativeOverviewComponents.swift in Sources */ = {isa = PBXBuildFile; fileRef = F10000000000000000000109 /* NativeOverviewComponents.swift */; };
		F1000000000000000000010A /* NativeIntelComponents.swift in Sources */ = {isa = PBXBuildFile; fileRef = F1000000000000000000010C /* NativeIntelComponents.swift */; };
		F1000000000000000000010B /* NativeIntelComponents.swift in Sources */ = {isa = PBXBuildFile; fileRef = F1000000000000000000010C /* NativeIntelComponents.swift */; };
		F1000000000000000000010D /* NativeOrdersComponents.swift in Sources */ = {isa = PBXBuildFile; fileRef = F1000000000000000000010F /* NativeOrdersComponents.swift */; };
		F1000000000000000000010E /* NativeOrdersComponents.swift in Sources */ = {isa = PBXBuildFile; fileRef = F1000000000000000000010F /* NativeOrdersComponents.swift */; };
		F10000000000000000000110 /* NativeSettingsComponents.swift in Sources */ = {isa = PBXBuildFile; fileRef = F10000000000000000000112 /* NativeSettingsComponents.swift */; };
		F10000000000000000000111 /* NativeSettingsComponents.swift in Sources */ = {isa = PBXBuildFile; fileRef = F10000000000000000000112 /* NativeSettingsComponents.swift */; };
		F10000000000000000000113 /* NativeTypography.swift in Sources */ = {isa = PBXBuildFile; fileRef = D3EF6A87A13040FF905FFF5F /* NativeTypography.swift */; };
		F10000000000000000000114 /* NativeQuickActionCatalog.swift in Sources */ = {isa = PBXBuildFile; fileRef = 801F3CC5E4D679F95A9F6655 /* NativeQuickActionCatalog.swift */; };
		F10000000000000000000115 /* NativeContextualHelp.swift in Sources */ = {isa = PBXBuildFile; fileRef = 2DC8B106F3AAF4695E690D56 /* NativeContextualHelp.swift */; };
		F10000000000000000000116 /* NativeGeopoliticalMap.swift in Sources */ = {isa = PBXBuildFile; fileRef = 9E64CFD59D62B55AC8C72F2D /* NativeGeopoliticalMap.swift */; };
		F10000000000000000000117 /* NativeOpenRouterService.swift in Sources */ = {isa = PBXBuildFile; fileRef = 2D4ED6FF0D39E813542C2098 /* NativeOpenRouterService.swift */; };
		F7A73A38DB0526F945C79CC9 /* NativeFoundationModelService+Prompts.swift in Sources */ = {isa = PBXBuildFile; fileRef = BD0A08D730A3A4AE913E7738 /* NativeFoundationModelService+Prompts.swift */; };
		F8C2F1EDAF794B7AC14D6F23 /* NativeCampaignStore+Persistence.swift in Sources */ = {isa = PBXBuildFile; fileRef = DBFC0EE9C0379ADC45E2C8CE /* NativeCampaignStore+Persistence.swift */; };
		FBD0FA7B9B73A0A447A5E302 /* NativeGameView+Rows.swift in Sources */ = {isa = PBXBuildFile; fileRef = E145CBC007C9EDF93856022F /* NativeGameView+Rows.swift */; };
/* End PBXBuildFile section */

/* Begin PBXContainerItemProxy section */
		A10000000000000000000092 /* PBXContainerItemProxy */ = {
			isa = PBXContainerItemProxy;
			containerPortal = A10000000000000000000090 /* Project object */;
			proxyType = 1;
			remoteGlobalIDString = A10000000000000000000060;
			remoteInfo = PaxHistoriaMac;
		};
		A100000000000000000000B4 /* PBXContainerItemProxy */ = {
			isa = PBXContainerItemProxy;
			containerPortal = A10000000000000000000090 /* Project object */;
			proxyType = 1;
			remoteGlobalIDString = A10000000000000000000061;
			remoteInfo = PaxHistoriaiOS;
		};
/* End PBXContainerItemProxy section */

/* Begin PBXFileReference section */
		2AEB0653EC506C7D7FFEEA99 /* NativeRateLimiter.swift */ = {isa = PBXFileReference; includeInIndex = 1; lastKnownFileType = sourcecode.swift; path = NativeRateLimiter.swift; sourceTree = "<group>"; };
		2D4ED6FF0D39E813542C2098 /* NativeOpenRouterService.swift */ = {isa = PBXFileReference; includeInIndex = 1; lastKnownFileType = sourcecode.swift; path = NativeOpenRouterService.swift; sourceTree = "<group>"; };
		2DC8B106F3AAF4695E690D56 /* NativeContextualHelp.swift */ = {isa = PBXFileReference; includeInIndex = 1; lastKnownFileType = sourcecode.swift; path = NativeContextualHelp.swift; sourceTree = "<group>"; };
		39A485366A3A14D42F508174 /* NativeGameView+Overlays.swift */ = {isa = PBXFileReference; includeInIndex = 1; lastKnownFileType = sourcecode.swift; path = "NativeGameView+Overlays.swift"; sourceTree = "<group>"; };
		418C52F097563CA17D4E0014 /* NativeErrorPathTests.swift */ = {isa = PBXFileReference; includeInIndex = 1; lastKnownFileType = sourcecode.swift; path = NativeErrorPathTests.swift; sourceTree = "<group>"; };
		4FBDA4D60396B285CB9D1E5E /* NativeWorldMap.swift */ = {isa = PBXFileReference; includeInIndex = 1; lastKnownFileType = sourcecode.swift; path = NativeWorldMap.swift; sourceTree = "<group>"; };
		59D04D350C19D6D7A8E0C871 /* NativeModuleTests.swift */ = {isa = PBXFileReference; includeInIndex = 1; lastKnownFileType = sourcecode.swift; path = NativeModuleTests.swift; sourceTree = "<group>"; };
		5D8975A239E8936ACF39AC8A /* NativeGameEngine+Victory.swift */ = {isa = PBXFileReference; includeInIndex = 1; lastKnownFileType = sourcecode.swift; path = "NativeGameEngine+Victory.swift"; sourceTree = "<group>"; };
		5FFD966862F5E7B1C4159846 /* NativeGameEngine+RegionalOrders.swift */ = {isa = PBXFileReference; includeInIndex = 1; lastKnownFileType = sourcecode.swift; path = "NativeGameEngine+RegionalOrders.swift"; sourceTree = "<group>"; };
		603C327AE840A2A8220AE141 /* NativeEconomicModels.swift */ = {isa = PBXFileReference; includeInIndex = 1; lastKnownFileType = sourcecode.swift; path = NativeEconomicModels.swift; sourceTree = "<group>"; };
		801F3CC5E4D679F95A9F6655 /* NativeQuickActionCatalog.swift */ = {isa = PBXFileReference; includeInIndex = 1; lastKnownFileType = sourcecode.swift; path = NativeQuickActionCatalog.swift; sourceTree = "<group>"; };
		9BC3CAFBD0368A8216088E3E /* NativeGameView+Report.swift */ = {isa = PBXFileReference; includeInIndex = 1; lastKnownFileType = sourcecode.swift; path = "NativeGameView+Report.swift"; sourceTree = "<group>"; };
		9E64CFD59D62B55AC8C72F2D /* NativeGeopoliticalMap.swift */ = {isa = PBXFileReference; includeInIndex = 1; lastKnownFileType = sourcecode.swift; path = NativeGeopoliticalMap.swift; sourceTree = "<group>"; };
		9EA40BA8130B3E84A09A1F85 /* NativeEmbeddingModel.swift */ = {isa = PBXFileReference; includeInIndex = 1; lastKnownFileType = sourcecode.swift; path = NativeEmbeddingModel.swift; sourceTree = "<group>"; };
		A10000000000000000000001 /* PaxHistoriaApp.swift */ = {isa = PBXFileReference; lastKnownFileType = sourcecode.swift; path = PaxHistoriaApp.swift; sourceTree = "<group>"; };
		A10000000000000000000002 /* ContentView.swift */ = {isa = PBXFileReference; lastKnownFileType = sourcecode.swift; path = ContentView.swift; sourceTree = "<group>"; };
		A10000000000000000000008 /* PlayerCountry.swift */ = {isa = PBXFileReference; lastKnownFileType = sourcecode.swift; path = PlayerCountry.swift; sourceTree = "<group>"; };
		A10000000000000000000009 /* NativeCampaignStore.swift */ = {isa = PBXFileReference; lastKnownFileType = sourcecode.swift; path = NativeCampaignStore.swift; sourceTree = "<group>"; };
		A1000000000000000000000A /* CountrySelectionView.swift */ = {isa = PBXFileReference; lastKnownFileType = sourcecode.swift; path = CountrySelectionView.swift; sourceTree = "<group>"; };
		A1000000000000000000000B /* NativeCampaignModels.swift */ = {isa = PBXFileReference; lastKnownFileType = sourcecode.swift; path = NativeCampaignModels.swift; sourceTree = "<group>"; };
		A1000000000000000000000C /* NativeGameEngine.swift */ = {isa = PBXFileReference; lastKnownFileType = sourcecode.swift; path = NativeGameEngine.swift; sourceTree = "<group>"; };
		A1000000000000000000000D /* NativeFoundationModelService.swift */ = {isa = PBXFileReference; lastKnownFileType = sourcecode.swift; path = NativeFoundationModelService.swift; sourceTree = "<group>"; };
		A1000000000000000000000E /* NativeGameView.swift */ = {isa = PBXFileReference; lastKnownFileType = sourcecode.swift; path = NativeGameView.swift; sourceTree = "<group>"; };
		A1000000000000000000000F /* NativeGameShell.swift */ = {isa = PBXFileReference; lastKnownFileType = sourcecode.swift; path = NativeGameShell.swift; sourceTree = "<group>"; };
		A10000000000000000000013 /* NativeCountryCoordinates.swift */ = {isa = PBXFileReference; lastKnownFileType = sourcecode.swift; path = NativeCountryCoordinates.swift; sourceTree = "<group>"; };
		A10000000000000000000014 /* Native2010WorldModel.swift */ = {isa = PBXFileReference; lastKnownFileType = sourcecode.swift; path = Native2010WorldModel.swift; sourceTree = "<group>"; };
		A10000000000000000000015 /* NativeStrategyContextDatabase.swift */ = {isa = PBXFileReference; lastKnownFileType = sourcecode.swift; path = NativeStrategyContextDatabase.swift; sourceTree = "<group>"; };
		A10000000000000000000030 /* SwiftHistoria.app */ = {isa = PBXFileReference; explicitFileType = wrapper.application; includeInIndex = 0; path = SwiftHistoria.app; sourceTree = BUILT_PRODUCTS_DIR; };
		A10000000000000000000031 /* SwiftHistoria iOS.app */ = {isa = PBXFileReference; explicitFileType = wrapper.application; includeInIndex = 0; path = "SwiftHistoria iOS.app"; sourceTree = BUILT_PRODUCTS_DIR; };
		A10000000000000000000032 /* PaxHistoriaMacTests.xctest */ = {isa = PBXFileReference; explicitFileType = wrapper.cfbundle; includeInIndex = 0; path = PaxHistoriaMacTests.xctest; sourceTree = BUILT_PRODUCTS_DIR; };
		A10000000000000000000033 /* NativeBackendTests.swift */ = {isa = PBXFileReference; lastKnownFileType = sourcecode.swift; path = NativeBackendTests.swift; sourceTree = "<group>"; };
		A1000000000000000000009A /* NativeWorldEconomicsPanel.swift */ = {isa = PBXFileReference; lastKnownFileType = sourcecode.swift; path = NativeWorldEconomicsPanel.swift; sourceTree = "<group>"; };
		A1000000000000000000009E /* GeopoliticalMapData.swift */ = {isa = PBXFileReference; lastKnownFileType = sourcecode.swift; path = GeopoliticalMapData.swift; sourceTree = "<group>"; };
		A100000000000000000000A3 /* NativeE2ETests.swift */ = {isa = PBXFileReference; lastKnownFileType = sourcecode.swift; path = NativeE2ETests.swift; sourceTree = "<group>"; };
		A100000000000000000000B1 /* PaxHistoriaiOSUITests.xctest */ = {isa = PBXFileReference; explicitFileType = wrapper.cfbundle; includeInIndex = 0; path = PaxHistoriaiOSUITests.xctest; sourceTree = BUILT_PRODUCTS_DIR; };
		A100000000000000000000B2 /* PaxHistoriaiOSUITests.swift */ = {isa = PBXFileReference; lastKnownFileType = sourcecode.swift; path = PaxHistoriaiOSUITests.swift; sourceTree = "<group>"; };
		A100000000000000000000C3 /* NativeZAITests.swift */ = {isa = PBXFileReference; lastKnownFileType = sourcecode.swift; path = NativeZAITests.swift; sourceTree = "<group>"; };
		A100000000000000000000E0 /* countries.geojson */ = {isa = PBXFileReference; lastKnownFileType = text.json; path = countries.geojson; sourceTree = "<group>"; };
		A100000000000000000000E1 /* states.geojson */ = {isa = PBXFileReference; lastKnownFileType = text.json; path = states.geojson; sourceTree = "<group>"; };
		A100000000000000000000E2 /* cities.geojson */ = {isa = PBXFileReference; lastKnownFileType = text.json; path = cities.geojson; sourceTree = "<group>"; };
		A100000000000000000000E3 /* land.geojson */ = {isa = PBXFileReference; lastKnownFileType = text.json; path = land.geojson; sourceTree = "<group>"; };
		A100000000000000000000FC /* NativeZAIService.swift */ = {isa = PBXFileReference; lastKnownFileType = sourcecode.swift; path = NativeZAIService.swift; sourceTree = "<group>"; };
		A1000000000000AAAA000001 /* Localizable.xcstrings */ = {isa = PBXFileReference; lastKnownFileType = text.json.xcstrings; path = Localizable.xcstrings; sourceTree = "<group>"; };
		B20000000000000000000001 /* NativeMetalMapBackdrop.swift */ = {isa = PBXFileReference; lastKnownFileType = sourcecode.swift; path = NativeMetalMapBackdrop.swift; sourceTree = "<group>"; };
		BD0A08D730A3A4AE913E7738 /* NativeFoundationModelService+Prompts.swift */ = {isa = PBXFileReference; includeInIndex = 1; lastKnownFileType = sourcecode.swift; path = "NativeFoundationModelService+Prompts.swift"; sourceTree = "<group>"; };
		CE229A5C669A93DC05CC7EB0 /* DynamicAIService.swift */ = {isa = PBXFileReference; includeInIndex = 1; lastKnownFileType = sourcecode.swift; path = DynamicAIService.swift; sourceTree = "<group>"; };
		D3EF6A87A13040FF905FFF5F /* NativeTypography.swift */ = {isa = PBXFileReference; includeInIndex = 1; lastKnownFileType = sourcecode.swift; path = NativeTypography.swift; sourceTree = "<group>"; };
		DBFC0EE9C0379ADC45E2C8CE /* NativeCampaignStore+Persistence.swift */ = {isa = PBXFileReference; includeInIndex = 1; lastKnownFileType = sourcecode.swift; path = "NativeCampaignStore+Persistence.swift"; sourceTree = "<group>"; };
		E10000000000000000000001 /* Assets.xcassets */ = {isa = PBXFileReference; lastKnownFileType = folder.assetcatalog; path = Assets.xcassets; sourceTree = "<group>"; };
		E10C45C422245811A0A8CC43 /* NativeGameEngine+Dice.swift */ = {isa = PBXFileReference; includeInIndex = 1; lastKnownFileType = sourcecode.swift; path = "NativeGameEngine+Dice.swift"; sourceTree = "<group>"; };
		E145CBC007C9EDF93856022F /* NativeGameView+Rows.swift */ = {isa = PBXFileReference; includeInIndex = 1; lastKnownFileType = sourcecode.swift; path = "NativeGameView+Rows.swift"; sourceTree = "<group>"; };
		F10000000000000000000103 /* NativeGameShellShared.swift */ = {isa = PBXFileReference; lastKnownFileType = sourcecode.swift; path = NativeGameShellShared.swift; sourceTree = "<group>"; };
		F10000000000000000000106 /* NativeMapComponents.swift */ = {isa = PBXFileReference; lastKnownFileType = sourcecode.swift; path = NativeMapComponents.swift; sourceTree = "<group>"; };
		F10000000000000000000109 /* NativeOverviewComponents.swift */ = {isa = PBXFileReference; lastKnownFileType = sourcecode.swift; path = NativeOverviewComponents.swift; sourceTree = "<group>"; };
		F1000000000000000000010C /* NativeIntelComponents.swift */ = {isa = PBXFileReference; lastKnownFileType = sourcecode.swift; path = NativeIntelComponents.swift; sourceTree = "<group>"; };
		F1000000000000000000010F /* NativeOrdersComponents.swift */ = {isa = PBXFileReference; lastKnownFileType = sourcecode.swift; path = NativeOrdersComponents.swift; sourceTree = "<group>"; };
		F10000000000000000000112 /* NativeSettingsComponents.swift */ = {isa = PBXFileReference; lastKnownFileType = sourcecode.swift; path = NativeSettingsComponents.swift; sourceTree = "<group>"; };
/* End PBXFileReference section */

/* Begin PBXFrameworksBuildPhase section */
		A10000000000000000000040 /* Frameworks */ = {
			isa = PBXFrameworksBuildPhase;
			buildActionMask = 2147483647;
			files = (
			);
			runOnlyForDeploymentPostprocessing = 0;
		};
		A10000000000000000000041 /* Frameworks */ = {
			isa = PBXFrameworksBuildPhase;
			buildActionMask = 2147483647;
			files = (
			);
			runOnlyForDeploymentPostprocessing = 0;
		};
		A10000000000000000000042 /* Frameworks */ = {
			isa = PBXFrameworksBuildPhase;
			buildActionMask = 2147483647;
			files = (
			);
			runOnlyForDeploymentPostprocessing = 0;
		};
		A100000000000000000000B5 /* Frameworks */ = {
			isa = PBXFrameworksBuildPhase;
			buildActionMask = 2147483647;
			files = (
			);
			runOnlyForDeploymentPostprocessing = 0;
		};
/* End PBXFrameworksBuildPhase section */

/* Begin PBXGroup section */
		A10000000000000000000050 = {
			isa = PBXGroup;
			children = (
				A10000000000000000000051 /* PaxHistoriaApple */,
				A10000000000000000000053 /* PaxHistoriaAppleTests */,
				A100000000000000000000BC /* PaxHistoriaAppleUITests */,
				A10000000000000000000052 /* Products */,
			);
			sourceTree = "<group>";
		};
		A10000000000000000000051 /* PaxHistoriaApple */ = {
			isa = PBXGroup;
			children = (
				E10000000000000000000001 /* Assets.xcassets */,
				A100000000000000000000FC /* NativeZAIService.swift */,
				A100000000000000000000E0 /* countries.geojson */,
				A100000000000000000000E1 /* states.geojson */,
				A100000000000000000000E2 /* cities.geojson */,
				A100000000000000000000E3 /* land.geojson */,
				A10000000000000000000001 /* PaxHistoriaApp.swift */,
				A10000000000000000000002 /* ContentView.swift */,
				A1000000000000AAAA000001 /* Localizable.xcstrings */,
				A10000000000000000000008 /* PlayerCountry.swift */,
				A10000000000000000000009 /* NativeCampaignStore.swift */,
				A1000000000000000000000A /* CountrySelectionView.swift */,
				A1000000000000000000000B /* NativeCampaignModels.swift */,
				A1000000000000000000000C /* NativeGameEngine.swift */,
				A1000000000000000000000D /* NativeFoundationModelService.swift */,
				A1000000000000000000000E /* NativeGameView.swift */,
				A1000000000000000000000F /* NativeGameShell.swift */,
				F10000000000000000000103 /* NativeGameShellShared.swift */,
				F10000000000000000000106 /* NativeMapComponents.swift */,
				F10000000000000000000109 /* NativeOverviewComponents.swift */,
				F1000000000000000000010C /* NativeIntelComponents.swift */,
				F1000000000000000000010F /* NativeOrdersComponents.swift */,
				F10000000000000000000112 /* NativeSettingsComponents.swift */,
				A10000000000000000000013 /* NativeCountryCoordinates.swift */,
				A10000000000000000000014 /* Native2010WorldModel.swift */,
				A10000000000000000000015 /* NativeStrategyContextDatabase.swift */,
				A1000000000000000000009A /* NativeWorldEconomicsPanel.swift */,
				A1000000000000000000009E /* GeopoliticalMapData.swift */,
				B20000000000000000000001 /* NativeMetalMapBackdrop.swift */,
				D3EF6A87A13040FF905FFF5F /* NativeTypography.swift */,
				801F3CC5E4D679F95A9F6655 /* NativeQuickActionCatalog.swift */,
				2DC8B106F3AAF4695E690D56 /* NativeContextualHelp.swift */,
				9E64CFD59D62B55AC8C72F2D /* NativeGeopoliticalMap.swift */,
				2D4ED6FF0D39E813542C2098 /* NativeOpenRouterService.swift */,
				2AEB0653EC506C7D7FFEEA99 /* NativeRateLimiter.swift */,
				4FBDA4D60396B285CB9D1E5E /* NativeWorldMap.swift */,
				39A485366A3A14D42F508174 /* NativeGameView+Overlays.swift */,
				9BC3CAFBD0368A8216088E3E /* NativeGameView+Report.swift */,
				E145CBC007C9EDF93856022F /* NativeGameView+Rows.swift */,
				5D8975A239E8936ACF39AC8A /* NativeGameEngine+Victory.swift */,
				E10C45C422245811A0A8CC43 /* NativeGameEngine+Dice.swift */,
				5FFD966862F5E7B1C4159846 /* NativeGameEngine+RegionalOrders.swift */,
				BD0A08D730A3A4AE913E7738 /* NativeFoundationModelService+Prompts.swift */,
				DBFC0EE9C0379ADC45E2C8CE /* NativeCampaignStore+Persistence.swift */,
				CE229A5C669A93DC05CC7EB0 /* DynamicAIService.swift */,
				603C327AE840A2A8220AE141 /* NativeEconomicModels.swift */,
				9EA40BA8130B3E84A09A1F85 /* NativeEmbeddingModel.swift */,
			);
			path = PaxHistoriaApple;
			sourceTree = "<group>";
		};
		A10000000000000000000052 /* Products */ = {
			isa = PBXGroup;
			children = (
				A10000000000000000000030 /* SwiftHistoria.app */,
				A10000000000000000000031 /* SwiftHistoria iOS.app */,
				A10000000000000000000032 /* PaxHistoriaMacTests.xctest */,
				A100000000000000000000B1 /* PaxHistoriaiOSUITests.xctest */,
			);
			name = Products;
			sourceTree = "<group>";
		};
		A10000000000000000000053 /* PaxHistoriaAppleTests */ = {
			isa = PBXGroup;
			children = (
				A10000000000000000000033 /* NativeBackendTests.swift */,
				A100000000000000000000A3 /* NativeE2ETests.swift */,
				A100000000000000000000C3 /* NativeZAITests.swift */,
				59D04D350C19D6D7A8E0C871 /* NativeModuleTests.swift */,
				418C52F097563CA17D4E0014 /* NativeErrorPathTests.swift */,
			);
			path = PaxHistoriaAppleTests;
			sourceTree = "<group>";
		};
		A100000000000000000000BC /* PaxHistoriaAppleUITests */ = {
			isa = PBXGroup;
			children = (
				A100000000000000000000B2 /* PaxHistoriaiOSUITests.swift */,
			);
			path = PaxHistoriaAppleUITests;
			sourceTree = "<group>";
		};
/* End PBXGroup section */

/* Begin PBXNativeTarget section */
		A10000000000000000000060 /* PaxHistoriaMac */ = {
			isa = PBXNativeTarget;
			buildConfigurationList = A10000000000000000000080 /* Build configuration list for PBXNativeTarget "PaxHistoriaMac" */;
			buildPhases = (
				A10000000000000000000070 /* Sources */,
				A10000000000000000000040 /* Frameworks */,
				A10000000000000000000072 /* Resources */,
			);
			buildRules = (
			);
			dependencies = (
			);
			name = PaxHistoriaMac;
			productName = SwiftHistoria;
			productReference = A10000000000000000000030 /* SwiftHistoria.app */;
			productType = "com.apple.product-type.application";
		};
		A10000000000000000000061 /* PaxHistoriaiOS */ = {
			isa = PBXNativeTarget;
			buildConfigurationList = A10000000000000000000081 /* Build configuration list for PBXNativeTarget "PaxHistoriaiOS" */;
			buildPhases = (
				A10000000000000000000071 /* Sources */,
				A10000000000000000000041 /* Frameworks */,
				A10000000000000000000073 /* Resources */,
			);
			buildRules = (
			);
			dependencies = (
			);
			name = PaxHistoriaiOS;
			productName = "SwiftHistoria iOS";
			productReference = A10000000000000000000031 /* SwiftHistoria iOS.app */;
			productType = "com.apple.product-type.application";
		};
		A10000000000000000000062 /* PaxHistoriaMacTests */ = {
			isa = PBXNativeTarget;
			buildConfigurationList = A10000000000000000000083 /* Build configuration list for PBXNativeTarget "PaxHistoriaMacTests" */;
			buildPhases = (
				A10000000000000000000074 /* Sources */,
				A10000000000000000000042 /* Frameworks */,
				A10000000000000000000075 /* Resources */,
			);
			buildRules = (
			);
			dependencies = (
				A10000000000000000000093 /* PBXTargetDependency */,
			);
			name = PaxHistoriaMacTests;
			productName = PaxHistoriaMacTests;
			productReference = A10000000000000000000032 /* PaxHistoriaMacTests.xctest */;
			productType = "com.apple.product-type.bundle.unit-test";
		};
		A100000000000000000000B0 /* PaxHistoriaiOSUITests */ = {
			isa = PBXNativeTarget;
			buildConfigurationList = A100000000000000000000B9 /* Build configuration list for PBXNativeTarget "PaxHistoriaiOSUITests" */;
			buildPhases = (
				A100000000000000000000B7 /* Sources */,
				A100000000000000000000B5 /* Frameworks */,
				A100000000000000000000B6 /* Resources */,
			);
			buildRules = (
			);
			dependencies = (
				A100000000000000000000B8 /* PBXTargetDependency */,
			);
			name = PaxHistoriaiOSUITests;
			productName = PaxHistoriaiOSUITests;
			productReference = A100000000000000000000B1 /* PaxHistoriaiOSUITests.xctest */;
			productType = "com.apple.product-type.bundle.ui-testing";
		};
/* End PBXNativeTarget section */

/* Begin PBXProject section */
		A10000000000000000000090 /* Project object */ = {
			isa = PBXProject;
			attributes = {
				BuildIndependentTargetsInParallel = 1;
				LastSwiftUpdateCheck = 2650;
				LastUpgradeCheck = 2650;
				TargetAttributes = {
					A10000000000000000000060 = {
						CreatedOnToolsVersion = 26.5;
					};
					A10000000000000000000061 = {
						CreatedOnToolsVersion = 26.5;
					};
					A10000000000000000000062 = {
						CreatedOnToolsVersion = 26.5;
						TestTargetID = A10000000000000000000060;
					};
					A100000000000000000000B0 = {
						CreatedOnToolsVersion = 26.5;
						TestTargetID = A10000000000000000000061;
					};
				};
			};
			buildConfigurationList = A10000000000000000000082 /* Build configuration list for PBXProject "PaxHistoriaApple" */;
			developmentRegion = en;
			hasScannedForEncodings = 0;
			knownRegions = (
				en,
				Base,
			);
			mainGroup = A10000000000000000000050;
			minimizedProjectReferenceProxies = 1;
			preferredProjectObjectVersion = 77;
			productRefGroup = A10000000000000000000052 /* Products */;
			projectDirPath = "";
			projectRoot = "";
			targets = (
				A10000000000000000000060 /* PaxHistoriaMac */,
				A10000000000000000000061 /* PaxHistoriaiOS */,
				A10000000000000000000062 /* PaxHistoriaMacTests */,
				A100000000000000000000B0 /* PaxHistoriaiOSUITests */,
			);
		};
/* End PBXProject section */

/* Begin PBXResourcesBuildPhase section */
		A10000000000000000000072 /* Resources */ = {
			isa = PBXResourcesBuildPhase;
			buildActionMask = 2147483647;
			files = (
				E10000000000000000000002 /* Assets.xcassets in Resources */,
				A100000000000000000000F0 /* countries.geojson in Resources */,
				A100000000000000000000F1 /* states.geojson in Resources */,
				A100000000000000000000F2 /* cities.geojson in Resources */,
				A100000000000000000000F3 /* land.geojson in Resources */,
				A1000000000000AAAA000002 /* Localizable.xcstrings in Resources */,
			);
			runOnlyForDeploymentPostprocessing = 0;
		};
		A10000000000000000000073 /* Resources */ = {
			isa = PBXResourcesBuildPhase;
			buildActionMask = 2147483647;
			files = (
				A1000000000000AAAA000003 /* Localizable.xcstrings in Resources */,
				3DF127D52FDF71C600B72996 /* Assets.xcassets in Resources */,
				3DF127D62FDF71C600B72996 /* countries.geojson in Resources */,
				3DF127D72FDF71C600B72996 /* states.geojson in Resources */,
				3DF127D82FDF71C600B72996 /* cities.geojson in Resources */,
				3DF127D92FDF71C600B72996 /* land.geojson in Resources */,
			);
			runOnlyForDeploymentPostprocessing = 0;
		};
		A10000000000000000000075 /* Resources */ = {
			isa = PBXResourcesBuildPhase;
			buildActionMask = 2147483647;
			files = (
				3DF127DA2FDF71C600B72996 /* Assets.xcassets in Resources */,
				3DF127DB2FDF71C600B72996 /* countries.geojson in Resources */,
				3DF127DC2FDF71C600B72996 /* states.geojson in Resources */,
				3DF127DD2FDF71C600B72996 /* cities.geojson in Resources */,
				3DF127DE2FDF71C600B72996 /* land.geojson in Resources */,
			);
			runOnlyForDeploymentPostprocessing = 0;
		};
		A100000000000000000000B6 /* Resources */ = {
			isa = PBXResourcesBuildPhase;
			buildActionMask = 2147483647;
			files = (
				3DF127DF2FDF71C600B72996 /* Assets.xcassets in Resources */,
				3DF127E02FDF71C600B72996 /* countries.geojson in Resources */,
				3DF127E12FDF71C600B72996 /* states.geojson in Resources */,
				3DF127E22FDF71C600B72996 /* cities.geojson in Resources */,
				3DF127E32FDF71C600B72996 /* land.geojson in Resources */,
			);
			runOnlyForDeploymentPostprocessing = 0;
		};
/* End PBXResourcesBuildPhase section */

/* Begin PBXSourcesBuildPhase section */
		A10000000000000000000070 /* Sources */ = {
			isa = PBXSourcesBuildPhase;
			buildActionMask = 2147483647;
			files = (
				A100000000000000000000FA /* NativeZAIService.swift in Sources */,
				F10000000000000000000101 /* NativeGameShellShared.swift in Sources */,
				A10000000000000000000010 /* PaxHistoriaApp.swift in Sources */,
				A10000000000000000000011 /* ContentView.swift in Sources */,
				A10000000000000000000017 /* PlayerCountry.swift in Sources */,
				A10000000000000000000018 /* NativeCampaignStore.swift in Sources */,
				A10000000000000000000019 /* CountrySelectionView.swift in Sources */,
				A1000000000000000000002A /* NativeCampaignModels.swift in Sources */,
				A1000000000000000000002C /* NativeGameEngine.swift in Sources */,
				A1000000000000000000002E /* NativeFoundationModelService.swift in Sources */,
				A1000000000000000000003A /* NativeGameView.swift in Sources */,
				A1000000000000000000003C /* NativeGameShell.swift in Sources */,
				F10000000000000000000104 /* NativeMapComponents.swift in Sources */,
				F10000000000000000000107 /* NativeOverviewComponents.swift in Sources */,
				F1000000000000000000010A /* NativeIntelComponents.swift in Sources */,
				F1000000000000000000010D /* NativeOrdersComponents.swift in Sources */,
				F10000000000000000000110 /* NativeSettingsComponents.swift in Sources */,
				A1000000000000000000003E /* NativeCountryCoordinates.swift in Sources */,
				A10000000000000000000044 /* Native2010WorldModel.swift in Sources */,
				A10000000000000000000046 /* NativeStrategyContextDatabase.swift in Sources */,
				A1000000000000000000009B /* NativeWorldEconomicsPanel.swift in Sources */,
				A1000000000000000000009D /* GeopoliticalMapData.swift in Sources */,
				B20000000000000000000003 /* NativeMetalMapBackdrop.swift in Sources */,
				0B07CB2A56CB4FAF0FD9FF09 /* NativeTypography.swift in Sources */,
				C711A78BB26E09BF714C9188 /* NativeQuickActionCatalog.swift in Sources */,
				4B313FCE5D69F69D12ADCA4D /* NativeContextualHelp.swift in Sources */,
				04950C6760499D3DEDEC22F1 /* NativeGeopoliticalMap.swift in Sources */,
				5F42D795D46921CBDD9F1002 /* NativeOpenRouterService.swift in Sources */,
				167FDAF23DD3C785B6F0BFE9 /* NativeRateLimiter.swift in Sources */,
				91D1CE1EF1B4F3F8194A345E /* NativeWorldMap.swift in Sources */,
				002CD4FFBBDC30D049551BD0 /* NativeGameView+Overlays.swift in Sources */,
				7D81DBB1A96E2A9D3688E466 /* NativeGameView+Report.swift in Sources */,
				C8F0051C547C7E745BEEA9C5 /* NativeGameView+Rows.swift in Sources */,
				219FE7363F15FD7EB74B30EF /* NativeGameEngine+Victory.swift in Sources */,
				92DC19CA7FBD0588376EA519 /* NativeGameEngine+Dice.swift in Sources */,
				C69FF108AA2118AC6289612E /* NativeGameEngine+RegionalOrders.swift in Sources */,
				F7A73A38DB0526F945C79CC9 /* NativeFoundationModelService+Prompts.swift in Sources */,
				1BEB039B991B8F4438C4726E /* NativeCampaignStore+Persistence.swift in Sources */,
				4BCA6882281DAAF6D91938CC /* DynamicAIService.swift in Sources */,
				B6379D7A73994FC0F3EBA6FD /* NativeEconomicModels.swift in Sources */,
				BA34B24F6E97E8B3DBAAEE85 /* NativeEmbeddingModel.swift in Sources */,
			);
			runOnlyForDeploymentPostprocessing = 0;
		};
		A10000000000000000000071 /* Sources */ = {
			isa = PBXSourcesBuildPhase;
			buildActionMask = 2147483647;
			files = (
				A100000000000000000000FB /* NativeZAIService.swift in Sources */,
				F10000000000000000000102 /* NativeGameShellShared.swift in Sources */,
				A10000000000000000000020 /* PaxHistoriaApp.swift in Sources */,
				A10000000000000000000021 /* ContentView.swift in Sources */,
				A10000000000000000000027 /* PlayerCountry.swift in Sources */,
				A10000000000000000000028 /* NativeCampaignStore.swift in Sources */,
				A10000000000000000000029 /* CountrySelectionView.swift in Sources */,
				A1000000000000000000002B /* NativeCampaignModels.swift in Sources */,
				A1000000000000000000002D /* NativeGameEngine.swift in Sources */,
				A1000000000000000000002F /* NativeFoundationModelService.swift in Sources */,
				A1000000000000000000003B /* NativeGameView.swift in Sources */,
				A1000000000000000000003D /* NativeGameShell.swift in Sources */,
				F10000000000000000000105 /* NativeMapComponents.swift in Sources */,
				F10000000000000000000108 /* NativeOverviewComponents.swift in Sources */,
				F1000000000000000000010B /* NativeIntelComponents.swift in Sources */,
				F1000000000000000000010E /* NativeOrdersComponents.swift in Sources */,
				F10000000000000000000111 /* NativeSettingsComponents.swift in Sources */,
				A1000000000000000000003F /* NativeCountryCoordinates.swift in Sources */,
				A10000000000000000000045 /* Native2010WorldModel.swift in Sources */,
				A10000000000000000000047 /* NativeStrategyContextDatabase.swift in Sources */,
				A1000000000000000000009C /* NativeWorldEconomicsPanel.swift in Sources */,
				A1000000000000000000009F /* GeopoliticalMapData.swift in Sources */,
				B20000000000000000000004 /* NativeMetalMapBackdrop.swift in Sources */,
				F10000000000000000000113 /* NativeTypography.swift in Sources */,
				F10000000000000000000114 /* NativeQuickActionCatalog.swift in Sources */,
				F10000000000000000000115 /* NativeContextualHelp.swift in Sources */,
				F10000000000000000000116 /* NativeGeopoliticalMap.swift in Sources */,
				F10000000000000000000117 /* NativeOpenRouterService.swift in Sources */,
				E840C3AFAF5454DA27A458C1 /* NativeRateLimiter.swift in Sources */,
				66D0663507297F5A6B3CF100 /* NativeWorldMap.swift in Sources */,
				EA8C0B64EBEF8CB8D03725B1 /* NativeGameView+Overlays.swift in Sources */,
				374ABC6B0AF2ABC34341EE8C /* NativeGameView+Report.swift in Sources */,
				FBD0FA7B9B73A0A447A5E302 /* NativeGameView+Rows.swift in Sources */,
				298A5ABAB6BE358D4A3FF184 /* NativeGameEngine+Victory.swift in Sources */,
				9D6EB3A16DB39EA55FDC11D2 /* NativeGameEngine+Dice.swift in Sources */,
				7A52D39A00675402B2C8B3C7 /* NativeGameEngine+RegionalOrders.swift in Sources */,
				3ABAE231B4915F73DDEC7536 /* NativeFoundationModelService+Prompts.swift in Sources */,
				F8C2F1EDAF794B7AC14D6F23 /* NativeCampaignStore+Persistence.swift in Sources */,
				6DC06FEEEC66BAD0673B0A8F /* DynamicAIService.swift in Sources */,
				E67A73BE7C89EA6C8F742FD6 /* NativeEconomicModels.swift in Sources */,
				9BAC38EEA0402C8C0D66A9D2 /* NativeEmbeddingModel.swift in Sources */,
			);
			runOnlyForDeploymentPostprocessing = 0;
		};
		A10000000000000000000074 /* Sources */ = {
			isa = PBXSourcesBuildPhase;
			buildActionMask = 2147483647;
			files = (
				A10000000000000000000034 /* NativeBackendTests.swift in Sources */,
				A100000000000000000000A4 /* NativeE2ETests.swift in Sources */,
				A100000000000000000000C4 /* NativeZAITests.swift in Sources */,
				A9C6C1664B222334D747DC72 /* NativeModuleTests.swift in Sources */,
				37E222186A1FC4D3E2712944 /* NativeErrorPathTests.swift in Sources */,
			);
			runOnlyForDeploymentPostprocessing = 0;
		};
		A100000000000000000000B7 /* Sources */ = {
			isa = PBXSourcesBuildPhase;
			buildActionMask = 2147483647;
			files = (
				A100000000000000000000B3 /* PaxHistoriaiOSUITests.swift in Sources */,
			);
			runOnlyForDeploymentPostprocessing = 0;
		};
/* End PBXSourcesBuildPhase section */

/* Begin PBXTargetDependency section */
		A10000000000000000000093 /* PBXTargetDependency */ = {
			isa = PBXTargetDependency;
			target = A10000000000000000000060 /* PaxHistoriaMac */;
			targetProxy = A10000000000000000000092 /* PBXContainerItemProxy */;
		};
		A100000000000000000000B8 /* PBXTargetDependency */ = {
			isa = PBXTargetDependency;
			target = A10000000000000000000061 /* PaxHistoriaiOS */;
			targetProxy = A100000000000000000000B4 /* PBXContainerItemProxy */;
		};
/* End PBXTargetDependency section */

/* Begin XCBuildConfiguration section */
		A100000000000000000000BA /* Debug */ = {
			isa = XCBuildConfiguration;
			buildSettings = {
				CODE_SIGN_STYLE = Automatic;
				CURRENT_PROJECT_VERSION = 1;
				DEVELOPMENT_TEAM = "";
				ENABLE_USER_SCRIPT_SANDBOXING = NO;
				GENERATE_INFOPLIST_FILE = YES;
				IPHONEOS_DEPLOYMENT_TARGET = 17.0;
				LD_RUNPATH_SEARCH_PATHS = (
					"$(inherited)",
					"@executable_path/Frameworks",
					"@loader_path/Frameworks",
				);
				MARKETING_VERSION = 1.0;
				PRODUCT_BUNDLE_IDENTIFIER = com.gibavargas.SwiftHistoria.ios.uitests;
				PRODUCT_NAME = PaxHistoriaiOSUITests;
				SDKROOT = iphoneos;
				SUPPORTED_PLATFORMS = "iphoneos iphonesimulator";
				SWIFT_VERSION = 6.0;
				TARGETED_DEVICE_FAMILY = "1,2";
				TEST_TARGET_NAME = PaxHistoriaiOS;
			};
			name = Debug;
		};
		A100000000000000000000BB /* Release */ = {
			isa = XCBuildConfiguration;
			buildSettings = {
				CODE_SIGN_STYLE = Automatic;
				CURRENT_PROJECT_VERSION = 1;
				DEVELOPMENT_TEAM = "";
				ENABLE_USER_SCRIPT_SANDBOXING = NO;
				GENERATE_INFOPLIST_FILE = YES;
				IPHONEOS_DEPLOYMENT_TARGET = 17.0;
				LD_RUNPATH_SEARCH_PATHS = (
					"$(inherited)",
					"@executable_path/Frameworks",
					"@loader_path/Frameworks",
				);
				MARKETING_VERSION = 1.0;
				PRODUCT_BUNDLE_IDENTIFIER = com.gibavargas.SwiftHistoria.ios.uitests;
				PRODUCT_NAME = PaxHistoriaiOSUITests;
				SDKROOT = iphoneos;
				SUPPORTED_PLATFORMS = "iphoneos iphonesimulator";
				SWIFT_VERSION = 6.0;
				TARGETED_DEVICE_FAMILY = "1,2";
				TEST_TARGET_NAME = PaxHistoriaiOS;
			};
			name = Release;
		};
		A10000000000000000000100 /* Debug */ = {
			isa = XCBuildConfiguration;
			buildSettings = {
				ALWAYS_SEARCH_USER_PATHS = NO;
				CLANG_ENABLE_MODULES = YES;
				CLANG_ENABLE_OBJC_ARC = YES;
				CLANG_WARN_BLOCK_CAPTURE_AUTORELEASING = YES;
				CLANG_WARN_BOOL_CONVERSION = YES;
				CLANG_WARN_COMMA = YES;
				CLANG_WARN_CONSTANT_CONVERSION = YES;
				CLANG_WARN_DEPRECATED_OBJC_IMPLEMENTATIONS = YES;
				CLANG_WARN_DIRECT_OBJC_ISA_USAGE = YES_ERROR;
				CLANG_WARN_DOCUMENTATION_COMMENTS = YES;
				CLANG_WARN_EMPTY_BODY = YES;
				CLANG_WARN_ENUM_CONVERSION = YES;
				CLANG_WARN_INFINITE_RECURSION = YES;
				CLANG_WARN_INT_CONVERSION = YES;
				CLANG_WARN_NON_LITERAL_NULL_CONVERSION = YES;
				CLANG_WARN_OBJC_IMPLICIT_RETAIN_SELF = YES;
				CLANG_WARN_OBJC_LITERAL_CONVERSION = YES;
				CLANG_WARN_OBJC_ROOT_CLASS = YES_ERROR;
				CLANG_WARN_QUOTED_INCLUDE_IN_FRAMEWORK_HEADER = YES;
				CLANG_WARN_RANGE_LOOP_ANALYSIS = YES;
				CLANG_WARN_STRICT_PROTOTYPES = YES;
				CLANG_WARN_SUSPICIOUS_MOVE = YES;
				CLANG_WARN_UNGUARDED_AVAILABILITY = YES_AGGRESSIVE;
				CLANG_WARN_UNREACHABLE_CODE = YES;
				COPY_PHASE_STRIP = NO;
				DEBUG_INFORMATION_FORMAT = dwarf;
				ENABLE_STRICT_OBJC_MSGSEND = YES;
				ENABLE_TESTABILITY = YES;
				GCC_C_LANGUAGE_STANDARD = gnu17;
				GCC_DYNAMIC_NO_PIC = NO;
				GCC_NO_COMMON_BLOCKS = YES;
				GCC_OPTIMIZATION_LEVEL = 0;
				GCC_PREPROCESSOR_DEFINITIONS = (
					"DEBUG=1",
					"$(inherited)",
				);
				GCC_WARN_64_TO_32_BIT_CONVERSION = YES;
				GCC_WARN_ABOUT_RETURN_TYPE = YES_ERROR;
				GCC_WARN_UNDECLARED_SELECTOR = YES;
				GCC_WARN_UNINITIALIZED_AUTOS = YES_AGGRESSIVE;
				GCC_WARN_UNUSED_FUNCTION = YES;
				GCC_WARN_UNUSED_VARIABLE = YES;
				MTL_ENABLE_DEBUG_INFO = INCLUDE_SOURCE;
				ONLY_ACTIVE_ARCH = YES;
				SDKROOT = auto;
				SWIFT_ACTIVE_COMPILATION_CONDITIONS = DEBUG;
				SWIFT_OPTIMIZATION_LEVEL = "-Onone";
				SWIFT_VERSION = 6.0;
			};
			name = Debug;
		};
		A10000000000000000000101 /* Release */ = {
			isa = XCBuildConfiguration;
			buildSettings = {
				ALWAYS_SEARCH_USER_PATHS = NO;
				CLANG_ENABLE_MODULES = YES;
				CLANG_ENABLE_OBJC_ARC = YES;
				CLANG_WARN_BLOCK_CAPTURE_AUTORELEASING = YES;
				CLANG_WARN_BOOL_CONVERSION = YES;
				CLANG_WARN_COMMA = YES;
				CLANG_WARN_CONSTANT_CONVERSION = YES;
				CLANG_WARN_DEPRECATED_OBJC_IMPLEMENTATIONS = YES;
				CLANG_WARN_DIRECT_OBJC_ISA_USAGE = YES_ERROR;
				CLANG_WARN_DOCUMENTATION_COMMENTS = YES;
				CLANG_WARN_EMPTY_BODY = YES;
				CLANG_WARN_ENUM_CONVERSION = YES;
				CLANG_WARN_INFINITE_RECURSION = YES;
				CLANG_WARN_INT_CONVERSION = YES;
				CLANG_WARN_NON_LITERAL_NULL_CONVERSION = YES;
				CLANG_WARN_OBJC_IMPLICIT_RETAIN_SELF = YES;
				CLANG_WARN_OBJC_LITERAL_CONVERSION = YES;
				CLANG_WARN_OBJC_ROOT_CLASS = YES_ERROR;
				CLANG_WARN_QUOTED_INCLUDE_IN_FRAMEWORK_HEADER = YES;
				CLANG_WARN_RANGE_LOOP_ANALYSIS = YES;
				CLANG_WARN_STRICT_PROTOTYPES = YES;
				CLANG_WARN_SUSPICIOUS_MOVE = YES;
				CLANG_WARN_UNGUARDED_AVAILABILITY = YES_AGGRESSIVE;
				CLANG_WARN_UNREACHABLE_CODE = YES;
				COPY_PHASE_STRIP = NO;
				DEBUG_INFORMATION_FORMAT = "dwarf-with-dsym";
				ENABLE_NS_ASSERTIONS = NO;
				ENABLE_STRICT_OBJC_MSGSEND = YES;
				GCC_C_LANGUAGE_STANDARD = gnu17;
				GCC_NO_COMMON_BLOCKS = YES;
				GCC_WARN_64_TO_32_BIT_CONVERSION = YES;
				GCC_WARN_ABOUT_RETURN_TYPE = YES_ERROR;
				GCC_WARN_UNDECLARED_SELECTOR = YES;
				GCC_WARN_UNINITIALIZED_AUTOS = YES_AGGRESSIVE;
				GCC_WARN_UNUSED_FUNCTION = YES;
				GCC_WARN_UNUSED_VARIABLE = YES;
				MTL_ENABLE_DEBUG_INFO = NO;
				SDKROOT = auto;
				SWIFT_COMPILATION_MODE = wholemodule;
				SWIFT_OPTIMIZATION_LEVEL = "-O";
				SWIFT_VERSION = 6.0;
				VALIDATE_PRODUCT = YES;
			};
			name = Release;
		};
		A10000000000000000000110 /* Debug */ = {
			isa = XCBuildConfiguration;
			buildSettings = {
				ASSETCATALOG_COMPILER_APPICON_NAME = AppIcon;
				CODE_SIGN_IDENTITY = "-";
				CODE_SIGN_STYLE = Manual;
				CURRENT_PROJECT_VERSION = 1;
				DEVELOPMENT_TEAM = "";
				ENABLE_HARDENED_RUNTIME = NO;
				ENABLE_USER_SCRIPT_SANDBOXING = NO;
				GENERATE_INFOPLIST_FILE = YES;
				INFOPLIST_KEY_CFBundleDisplayName = SwiftHistoria;
				INFOPLIST_KEY_LSApplicationCategoryType = "public.app-category.games";
				LD_RUNPATH_SEARCH_PATHS = (
					"$(inherited)",
					"@executable_path/../Frameworks",
				);
				MACOSX_DEPLOYMENT_TARGET = 14.0;
				MARKETING_VERSION = 1.0;
				PRODUCT_BUNDLE_IDENTIFIER = com.gibavargas.SwiftHistoria.mac;
				PRODUCT_NAME = SwiftHistoria;
				SDKROOT = macosx;
				SUPPORTED_PLATFORMS = macosx;
				SWIFT_VERSION = 6.0;
			};
			name = Debug;
		};
		A10000000000000000000111 /* Release */ = {
			isa = XCBuildConfiguration;
			buildSettings = {
				ASSETCATALOG_COMPILER_APPICON_NAME = AppIcon;
				CODE_SIGN_IDENTITY = "-";
				CODE_SIGN_STYLE = Manual;
				CURRENT_PROJECT_VERSION = 1;
				DEVELOPMENT_TEAM = "";
				ENABLE_HARDENED_RUNTIME = NO;
				ENABLE_USER_SCRIPT_SANDBOXING = NO;
				GENERATE_INFOPLIST_FILE = YES;
				INFOPLIST_KEY_CFBundleDisplayName = SwiftHistoria;
				INFOPLIST_KEY_LSApplicationCategoryType = "public.app-category.games";
				LD_RUNPATH_SEARCH_PATHS = (
					"$(inherited)",
					"@executable_path/../Frameworks",
				);
				MACOSX_DEPLOYMENT_TARGET = 14.0;
				MARKETING_VERSION = 1.0;
				PRODUCT_BUNDLE_IDENTIFIER = com.gibavargas.SwiftHistoria.mac;
				PRODUCT_NAME = SwiftHistoria;
				SDKROOT = macosx;
				SUPPORTED_PLATFORMS = macosx;
				SWIFT_VERSION = 6.0;
			};
			name = Release;
		};
		A10000000000000000000120 /* Debug */ = {
			isa = XCBuildConfiguration;
			buildSettings = {
				ASSETCATALOG_COMPILER_APPICON_NAME = AppIcon;
				CODE_SIGN_STYLE = Automatic;
				CURRENT_PROJECT_VERSION = 1;
				DEVELOPMENT_TEAM = G9TC58H24R;
				ENABLE_USER_SCRIPT_SANDBOXING = NO;
				GENERATE_INFOPLIST_FILE = YES;
				INFOPLIST_KEY_CFBundleDisplayName = SwiftHistoria;
				INFOPLIST_KEY_UILaunchScreen_Generation = YES;
				INFOPLIST_KEY_UIRequiresFullScreen = YES;
				IPHONEOS_DEPLOYMENT_TARGET = 17.0;
				LD_RUNPATH_SEARCH_PATHS = (
					"$(inherited)",
					"@executable_path/Frameworks",
				);
				MARKETING_VERSION = 1.0;
				PRODUCT_BUNDLE_IDENTIFIER = com.gibavargas.SwiftHistoria.ios;
				PRODUCT_NAME = "SwiftHistoria iOS";
				SDKROOT = iphoneos;
				SUPPORTED_PLATFORMS = "iphoneos iphonesimulator";
				SUPPORTS_MACCATALYST = NO;
				SWIFT_VERSION = 6.0;
				TARGETED_DEVICE_FAMILY = "1,2";
			};
			name = Debug;
		};
		A10000000000000000000121 /* Release */ = {
			isa = XCBuildConfiguration;
			buildSettings = {
				ASSETCATALOG_COMPILER_APPICON_NAME = AppIcon;
				CODE_SIGN_STYLE = Automatic;
				CURRENT_PROJECT_VERSION = 1;
				DEVELOPMENT_TEAM = G9TC58H24R;
				ENABLE_USER_SCRIPT_SANDBOXING = NO;
				GENERATE_INFOPLIST_FILE = YES;
				INFOPLIST_KEY_CFBundleDisplayName = SwiftHistoria;
				INFOPLIST_KEY_UILaunchScreen_Generation = YES;
				INFOPLIST_KEY_UIRequiresFullScreen = YES;
				IPHONEOS_DEPLOYMENT_TARGET = 17.0;
				LD_RUNPATH_SEARCH_PATHS = (
					"$(inherited)",
					"@executable_path/Frameworks",
				);
				MARKETING_VERSION = 1.0;
				PRODUCT_BUNDLE_IDENTIFIER = com.gibavargas.SwiftHistoria.ios;
				PRODUCT_NAME = "SwiftHistoria iOS";
				SDKROOT = iphoneos;
				SUPPORTED_PLATFORMS = "iphoneos iphonesimulator";
				SUPPORTS_MACCATALYST = NO;
				SWIFT_VERSION = 6.0;
				TARGETED_DEVICE_FAMILY = "1,2";
			};
			name = Release;
		};
		A10000000000000000000130 /* Debug */ = {
			isa = XCBuildConfiguration;
			buildSettings = {
				BUNDLE_LOADER = "$(TEST_HOST)";
				CODE_SIGN_IDENTITY = "-";
				CODE_SIGN_STYLE = Manual;
				CURRENT_PROJECT_VERSION = 1;
				DEVELOPMENT_TEAM = "";
				ENABLE_USER_SCRIPT_SANDBOXING = NO;
				GENERATE_INFOPLIST_FILE = YES;
				LD_RUNPATH_SEARCH_PATHS = (
					"$(inherited)",
					"@loader_path/../Frameworks",
					"@executable_path/../Frameworks",
				);
				MACOSX_DEPLOYMENT_TARGET = 14.0;
				MARKETING_VERSION = 1.0;
				PRODUCT_BUNDLE_IDENTIFIER = com.gibavargas.SwiftHistoria.mac.tests;
				PRODUCT_NAME = PaxHistoriaMacTests;
				SDKROOT = macosx;
				SUPPORTED_PLATFORMS = macosx;
				SWIFT_VERSION = 6.0;
				TEST_HOST = "$(BUILT_PRODUCTS_DIR)/SwiftHistoria.app/Contents/MacOS/SwiftHistoria";
			};
			name = Debug;
		};
		A10000000000000000000131 /* Release */ = {
			isa = XCBuildConfiguration;
			buildSettings = {
				BUNDLE_LOADER = "$(TEST_HOST)";
				CODE_SIGN_IDENTITY = "-";
				CODE_SIGN_STYLE = Manual;
				CURRENT_PROJECT_VERSION = 1;
				DEVELOPMENT_TEAM = "";
				ENABLE_USER_SCRIPT_SANDBOXING = NO;
				GENERATE_INFOPLIST_FILE = YES;
				LD_RUNPATH_SEARCH_PATHS = (
					"$(inherited)",
					"@loader_path/../Frameworks",
					"@executable_path/../Frameworks",
				);
				MACOSX_DEPLOYMENT_TARGET = 14.0;
				MARKETING_VERSION = 1.0;
				PRODUCT_BUNDLE_IDENTIFIER = com.gibavargas.SwiftHistoria.mac.tests;
				PRODUCT_NAME = PaxHistoriaMacTests;
				SDKROOT = macosx;
				SUPPORTED_PLATFORMS = macosx;
				SWIFT_VERSION = 6.0;
				TEST_HOST = "$(BUILT_PRODUCTS_DIR)/SwiftHistoria.app/Contents/MacOS/SwiftHistoria";
			};
			name = Release;
		};
/* End XCBuildConfiguration section */

/* Begin XCConfigurationList section */
		A10000000000000000000080 /* Build configuration list for PBXNativeTarget "PaxHistoriaMac" */ = {
			isa = XCConfigurationList;
			buildConfigurations = (
				A10000000000000000000110 /* Debug */,
				A10000000000000000000111 /* Release */,
			);
			defaultConfigurationIsVisible = 0;
			defaultConfigurationName = Debug;
		};
		A10000000000000000000081 /* Build configuration list for PBXNativeTarget "PaxHistoriaiOS" */ = {
			isa = XCConfigurationList;
			buildConfigurations = (
				A10000000000000000000120 /* Debug */,
				A10000000000000000000121 /* Release */,
			);
			defaultConfigurationIsVisible = 0;
			defaultConfigurationName = Debug;
		};
		A10000000000000000000082 /* Build configuration list for PBXProject "PaxHistoriaApple" */ = {
			isa = XCConfigurationList;
			buildConfigurations = (
				A10000000000000000000100 /* Debug */,
				A10000000000000000000101 /* Release */,
			);
			defaultConfigurationIsVisible = 0;
			defaultConfigurationName = Debug;
		};
		A10000000000000000000083 /* Build configuration list for PBXNativeTarget "PaxHistoriaMacTests" */ = {
			isa = XCConfigurationList;
			buildConfigurations = (
				A10000000000000000000130 /* Debug */,
				A10000000000000000000131 /* Release */,
			);
			defaultConfigurationIsVisible = 0;
			defaultConfigurationName = Debug;
		};
		A100000000000000000000B9 /* Build configuration list for PBXNativeTarget "PaxHistoriaiOSUITests" */ = {
			isa = XCConfigurationList;
			buildConfigurations = (
				A100000000000000000000BA /* Debug */,
				A100000000000000000000BB /* Release */,
			);
			defaultConfigurationIsVisible = 0;
			defaultConfigurationName = Debug;
		};
/* End XCConfigurationList section */
	};
	rootObject = A10000000000000000000090 /* Project object */;
}
