// !$*UTF8*$!
{
	archiveVersion = 1;
	classes = {
	};
	objectVersion = 77;
	objects = {

/* Begin PBXBuildFile section */
		3DF127D52FDF71C600B72996 /* Assets.xcassets in Resources */ = {isa = PBXBuildFile; fileRef = E10000000000000000000001 /* Assets.xcassets */; };
		3DF127D62FDF71C600B72996 /* countries.geojson in Resources */ = {isa = PBXBuildFile; fileRef = A100000000000000000000E0 /* countries.geojson */; };
		3DF127D72FDF71C600B72996 /* states.geojson in Resources */ = {isa = PBXBuildFile; fileRef = A100000000000000000000E1 /* states.geojson */; };
		3DF127D82FDF71C600B72996 /* cities.geojson in Resources */ = {isa = PBXBuildFile; fileRef = A100000000000000000000E2 /* cities.geojson */; };
		3DF127D92FDF71C600B72996 /* land.geojson in Resources */ = {isa = PBXBuildFile; fileRef = A100000000000000000000E3 /* land.geojson */; };
		3DF127DA2FDF71C600B72996 /* Assets.xcassets in Resources */ = {isa = PBXBuildFile; fileRef = E10000000000000000000001 /* Assets.xcassets */; };
		3DF127DB2FDF71C600B72996 /* countries.geojson in Resources */ = {isa = PBXBuildFile; fileRef = A100000000000000000000E0 /* countries.geojson */; };
		3DF127DC2FDF71C600B72996 /* states.geojson in Resources */ = {isa = PBXBuildFile; fileRef = A100000000000000000000E1 /* states.geojson */; };
		3DF127DD2FDF71C600B72996 /* cities.geojson in Resources */ = {isa = PBXBuildFile; fileRef = A100000000000000000000E2 /* cities.geojson */; };
		3DF127DE2FDF71C600B72996 /* land.geojson in Resources */ = {isa = PBXBuildFile; fileRef = A100000000000000000000E3 /* land.geojson */; };
		3DF127DF2FDF71C600B72996 /* Assets.xcassets in Resources */ = {isa = PBXBuildFile; fileRef = E10000000000000000000001 /* Assets.xcassets */; };
		3DF127E02FDF71C600B72996 /* countries.geojson in Resources */ = {isa = PBXBuildFile; fileRef = A100000000000000000000E0 /* countries.geojson */; };
		3DF127E12FDF71C600B72996 /* states.geojson in Resources */ = {isa = PBXBuildFile; fileRef = A100000000000000000000E1 /* states.geojson */; };
		3DF127E22FDF71C600B72996 /* cities.geojson in Resources */ = {isa = PBXBuildFile; fileRef = A100000000000000000000E2 /* cities.geojson */; };
		3DF127E32FDF71C600B72996 /* land.geojson in Resources */ = {isa = PBXBuildFile; fileRef = A100000000000000000000E3 /* land.geojson */; };
		A10000000000000000000010 /* PaxHistoriaApp.swift in Sources */ = {isa = PBXBuildFile; fileRef = A10000000000000000000001 /* PaxHistoriaApp.swift */; };
		A10000000000000000000011 /* ContentView.swift in Sources */ = {isa = PBXBuildFile; fileRef = A10000000000000000000002 /* ContentView.swift */; };
		A10000000000000000000017 /* PlayerCountry.swift in Sources */ = {isa = PBXBuildFile; fileRef = A10000000000000000000008 /* PlayerCountry.swift */; };
		A10000000000000000000018 /* NativeCampaignStore.swift in Sources */ = {isa = PBXBuildFile; fileRef = A10000000000000000000009 /* NativeCampaignStore.swift */; };
		A10000000000000000000019 /* CountrySelectionView.swift in Sources */ = {isa = PBXBuildFile; fileRef = A1000000000000000000000A /* CountrySelectionView.swift */; };
		A10000000000000000000020 /* PaxHistoriaApp.swift in Sources */ = {isa = PBXBuildFile; fileRef = A10000000000000000000001 /* PaxHistoriaApp.swift */; };
		A10000000000000000000021 /* ContentView.swift in Sources */ = {isa = PBXBuildFile; fileRef = A10000000000000000000002 /* ContentView.swift */; };
		A10000000000000000000027 /* PlayerCountry.swift in Sources */ = {isa = PBXBuildFile; fileRef = A10000000000000000000008 /* PlayerCountry.swift */; };
		A10000000000000000000028 /* NativeCampaignStore.swift in Sources */ = {isa = PBXBuildFile; fileRef = A10000000000000000000009 /* NativeCampaignStore.swift */; };
		A10000000000000000000029 /* CountrySelectionView.swift in Sources */ = {isa = PBXBuildFile; fileRef = A1000000000000000000000A /* CountrySelectionView.swift */; };
		A1000000000000000000002A /* NativeCampaignModels.swift in Sources */ = {isa = PBXBuildFile; fileRef = A1000000000000000000000B /* NativeCampaignModels.swift */; };
		A1000000000000000000002B /* NativeCampaignModels.swift in Sources */ = {isa = PBXBuildFile; fileRef = A1000000000000000000000B /* NativeCampaignModels.swift */; };
		A1000000000000000000002C /* NativeGameEngine.swift in Sources */ = {isa = PBXBuildFile; fileRef = A1000000000000000000000C /* NativeGameEngine.swift */; };
		A1000000000000000000002D /* NativeGameEngine.swift in Sources */ = {isa = PBXBuildFile; fileRef = A1000000000000000000000C /* NativeGameEngine.swift */; };
		A1000000000000000000002E /* NativeFoundationModelService.swift in Sources */ = {isa = PBXBuildFile; fileRef = A1000000000000000000000D /* NativeFoundationModelService.swift */; };
		A1000000000000000000002F /* NativeFoundationModelService.swift in Sources */ = {isa = PBXBuildFile; fileRef = A1000000000000000000000D /* NativeFoundationModelService.swift */; };
		A10000000000000000000034 /* NativeBackendTests.swift in Sources */ = {isa = PBXBuildFile; fileRef = A10000000000000000000033 /* NativeBackendTests.swift */; };
		A1000000000000000000003A /* NativeGameView.swift in Sources */ = {isa = PBXBuildFile; fileRef = A1000000000000000000000E /* NativeGameView.swift */; };
		A1000000000000000000003B /* NativeGameView.swift in Sources */ = {isa = PBXBuildFile; fileRef = A1000000000000000000000E /* NativeGameView.swift */; };
		A1000000000000000000003C /* NativeGameShell.swift in Sources */ = {isa = PBXBuildFile; fileRef = A1000000000000000000000F /* NativeGameShell.swift */; };
		A1000000000000000000003D /* NativeGameShell.swift in Sources */ = {isa = PBXBuildFile; fileRef = A1000000000000000000000F /* NativeGameShell.swift */; };
		A1000000000000000000003E /* NativeCountryCoordinates.swift in Sources */ = {isa = PBXBuildFile; fileRef = A10000000000000000000013 /* NativeCountryCoordinates.swift */; };
		A1000000000000000000003F /* NativeCountryCoordinates.swift in Sources */ = {isa = PBXBuildFile; fileRef = A10000000000000000000013 /* NativeCountryCoordinates.swift */; };
		A10000000000000000000044 /* Native2010WorldModel.swift in Sources */ = {isa = PBXBuildFile; fileRef = A10000000000000000000014 /* Native2010WorldModel.swift */; };
		A10000000000000000000045 /* Native2010WorldModel.swift in Sources */ = {isa = PBXBuildFile; fileRef = A10000000000000000000014 /* Native2010WorldModel.swift */; };
		A10000000000000000000046 /* NativeStrategyContextDatabase.swift in Sources */ = {isa = PBXBuildFile; fileRef = A10000000000000000000015 /* NativeStrategyContextDatabase.swift */; };
		A10000000000000000000047 /* NativeStrategyContextDatabase.swift in Sources */ = {isa = PBXBuildFile; fileRef = A10000000000000000000015 /* NativeStrategyContextDatabase.swift */; };
		A1000000000000000000009B /* NativeWorldEconomicsPanel.swift in Sources */ = {isa = PBXBuildFile; fileRef = A1000000000000000000009A /* NativeWorldEconomicsPanel.swift */; };
		A1000000000000000000009C /* NativeWorldEconomicsPanel.swift in Sources */ = {isa = PBXBuildFile; fileRef = A1000000000000000000009A /* NativeWorldEconomicsPanel.swift */; };
		A1000000000000000000009D /* GeopoliticalMapData.swift in Sources */ = {isa = PBXBuildFile; fileRef = A1000000000000000000009E /* GeopoliticalMapData.swift */; };
		A1000000000000000000009F /* GeopoliticalMapData.swift in Sources */ = {isa = PBXBuildFile; fileRef = A1000000000000000000009E /* GeopoliticalMapData.swift */; };
		A100000000000000000000A4 /* NativeE2ETests.swift in Sources */ = {isa = PBXBuildFile; fileRef = A100000000000000000000A3 /* NativeE2ETests.swift */; };
		A100000000000000000000B3 /* PaxHistoriaiOSUITests.swift in Sources */ = {isa = PBXBuildFile; fileRef = A100000000000000000000B2 /* PaxHistoriaiOSUITests.swift */; };
		A100000000000000000000C4 /* NativeZAITests.swift in Sources */ = {isa = PBXBuildFile; fileRef = A100000000000000000000C3 /* NativeZAITests.swift */; };
		A100000000000000000000F0 /* countries.geojson in Resources */ = {isa = PBXBuildFile; fileRef = A100000000000000000000E0 /* countries.geojson */; };
		A100000000000000000000F1 /* states.geojson in Resources */ = {isa = PBXBuildFile; fileRef = A100000000000000000000E1 /* states.geojson */; };
		A100000000000000000000F2 /* cities.geojson in Resources */ = {isa = PBXBuildFile; fileRef = A100000000000000000000E2 /* cities.geojson */; };
		A100000000000000000000F3 /* land.geojson in Resources */ = {isa = PBXBuildFile; fileRef = A100000000000000000000E3 /* land.geojson */; };
		A100000000000000000000FA /* NativeZAIService.swift in Sources */ = {isa = PBXBuildFile; fileRef = A100000000000000000000FC /* NativeZAIService.swift */; };
		A100000000000000000000FB /* NativeZAIService.swift in Sources */ = {isa = PBXBuildFile; fileRef = A100000000000000000000FC /* NativeZAIService.swift */; };
		B20000000000000000000003 /* NativeMetalMapBackdrop.swift in Sources */ = {isa = PBXBuildFile; fileRef = B20000000000000000000001 /* NativeMetalMapBackdrop.swift */; };
		B20000000000000000000004 /* NativeMetalMapBackdrop.swift in Sources */ = {isa = PBXBuildFile; fileRef = B20000000000000000000001 /* NativeMetalMapBackdrop.swift */; };
		E10000000000000000000002 /* Assets.xcassets in Resources */ = {isa = PBXBuildFile; fileRef = E10000000000000000000001 /* Assets.xcassets */; };
/* End PBXBuildFile section */

/* Begin PBXContainerItemProxy section */
		A10000000000000000000092 /* PBXContainerItemProxy */ = {
			isa = PBXContainerItemProxy;
			containerPortal = A10000000000000000000090 /* Project object */;
			proxyType = 1;
			remoteGlobalIDString = A10000000000000000000060;
			remoteInfo = PaxHistoriaMac;
		};
		A100000000000000000000B4 /* PBXContainerItemProxy */ = {
			isa = PBXContainerItemProxy;
			containerPortal = A10000000000000000000090 /* Project object */;
			proxyType = 1;
			remoteGlobalIDString = A10000000000000000000061;
			remoteInfo = PaxHistoriaiOS;
		};
/* End PBXContainerItemProxy section */

/* Begin PBXFileReference section */
		A10000000000000000000001 /* PaxHistoriaApp.swift */ = {isa = PBXFileReference; lastKnownFileType = sourcecode.swift; path = PaxHistoriaApp.swift; sourceTree = "<group>"; };
		A10000000000000000000002 /* ContentView.swift */ = {isa = PBXFileReference; lastKnownFileType = sourcecode.swift; path = ContentView.swift; sourceTree = "<group>"; };
		A10000000000000000000008 /* PlayerCountry.swift */ = {isa = PBXFileReference; lastKnownFileType = sourcecode.swift; path = PlayerCountry.swift; sourceTree = "<group>"; };
		A10000000000000000000009 /* NativeCampaignStore.swift */ = {isa = PBXFileReference; lastKnownFileType = sourcecode.swift; path = NativeCampaignStore.swift; sourceTree = "<group>"; };
		A1000000000000000000000A /* CountrySelectionView.swift */ = {isa = PBXFileReference; lastKnownFileType = sourcecode.swift; path = CountrySelectionView.swift; sourceTree = "<group>"; };
		A1000000000000000000000B /* NativeCampaignModels.swift */ = {isa = PBXFileReference; lastKnownFileType = sourcecode.swift; path = NativeCampaignModels.swift; sourceTree = "<group>"; };
		A1000000000000000000000C /* NativeGameEngine.swift */ = {isa = PBXFileReference; lastKnownFileType = sourcecode.swift; path = NativeGameEngine.swift; sourceTree = "<group>"; };
		A1000000000000000000000D /* NativeFoundationModelService.swift */ = {isa = PBXFileReference; lastKnownFileType = sourcecode.swift; path = NativeFoundationModelService.swift; sourceTree = "<group>"; };
		A1000000000000000000000E /* NativeGameView.swift */ = {isa = PBXFileReference; lastKnownFileType = sourcecode.swift; path = NativeGameView.swift; sourceTree = "<group>"; };
		A1000000000000000000000F /* NativeGameShell.swift */ = {isa = PBXFileReference; lastKnownFileType = sourcecode.swift; path = NativeGameShell.swift; sourceTree = "<group>"; };
		A10000000000000000000013 /* NativeCountryCoordinates.swift */ = {isa = PBXFileReference; lastKnownFileType = sourcecode.swift; path = NativeCountryCoordinates.swift; sourceTree = "<group>"; };
		A10000000000000000000014 /* Native2010WorldModel.swift */ = {isa = PBXFileReference; lastKnownFileType = sourcecode.swift; path = Native2010WorldModel.swift; sourceTree = "<group>"; };
		A10000000000000000000015 /* NativeStrategyContextDatabase.swift */ = {isa = PBXFileReference; lastKnownFileType = sourcecode.swift; path = NativeStrategyContextDatabase.swift; sourceTree = "<group>"; };
		A10000000000000000000030 /* SwiftHistoria.app */ = {isa = PBXFileReference; explicitFileType = wrapper.application; includeInIndex = 0; path = SwiftHistoria.app; sourceTree = BUILT_PRODUCTS_DIR; };
		A10000000000000000000031 /* SwiftHistoria iOS.app */ = {isa = PBXFileReference; explicitFileType = wrapper.application; includeInIndex = 0; path = "SwiftHistoria iOS.app"; sourceTree = BUILT_PRODUCTS_DIR; };
		A10000000000000000000032 /* PaxHistoriaMacTests.xctest */ = {isa = PBXFileReference; explicitFileType = wrapper.cfbundle; includeInIndex = 0; path = PaxHistoriaMacTests.xctest; sourceTree = BUILT_PRODUCTS_DIR; };
		A10000000000000000000033 /* NativeBackendTests.swift */ = {isa = PBXFileReference; lastKnownFileType = sourcecode.swift; path = NativeBackendTests.swift; sourceTree = "<group>"; };
		A1000000000000000000009A /* NativeWorldEconomicsPanel.swift */ = {isa = PBXFileReference; lastKnownFileType = sourcecode.swift; path = NativeWorldEconomicsPanel.swift; sourceTree = "<group>"; };
		A1000000000000000000009E /* GeopoliticalMapData.swift */ = {isa = PBXFileReference; lastKnownFileType = sourcecode.swift; path = GeopoliticalMapData.swift; sourceTree = "<group>"; };
		A100000000000000000000A3 /* NativeE2ETests.swift */ = {isa = PBXFileReference; lastKnownFileType = sourcecode.swift; path = NativeE2ETests.swift; sourceTree = "<group>"; };
		A100000000000000000000B1 /* PaxHistoriaiOSUITests.xctest */ = {isa = PBXFileReference; explicitFileType = wrapper.cfbundle; includeInIndex = 0; path = PaxHistoriaiOSUITests.xctest; sourceTree = BUILT_PRODUCTS_DIR; };
		A100000000000000000000B2 /* PaxHistoriaiOSUITests.swift */ = {isa = PBXFileReference; lastKnownFileType = sourcecode.swift; path = PaxHistoriaiOSUITests.swift; sourceTree = "<group>"; };
		A100000000000000000000C3 /* NativeZAITests.swift */ = {isa = PBXFileReference; lastKnownFileType = sourcecode.swift; path = NativeZAITests.swift; sourceTree = "<group>"; };
		A100000000000000000000E0 /* countries.geojson */ = {isa = PBXFileReference; lastKnownFileType = text.json; path = countries.geojson; sourceTree = "<group>"; };
		A100000000000000000000E1 /* states.geojson */ = {isa = PBXFileReference; lastKnownFileType = text.json; path = states.geojson; sourceTree = "<group>"; };
		A100000000000000000000E2 /* cities.geojson */ = {isa = PBXFileReference; lastKnownFileType = text.json; path = cities.geojson; sourceTree = "<group>"; };
		A100000000000000000000E3 /* land.geojson */ = {isa = PBXFileReference; lastKnownFileType = text.json; path = land.geojson; sourceTree = "<group>"; };
		A100000000000000000000FC /* NativeZAIService.swift */ = {isa = PBXFileReference; lastKnownFileType = sourcecode.swift; path = NativeZAIService.swift; sourceTree = "<group>"; };
		B20000000000000000000001 /* NativeMetalMapBackdrop.swift */ = {isa = PBXFileReference; lastKnownFileType = sourcecode.swift; path = NativeMetalMapBackdrop.swift; sourceTree = "<group>"; };
		E10000000000000000000001 /* Assets.xcassets */ = {isa = PBXFileReference; lastKnownFileType = folder.assetcatalog; path = Assets.xcassets; sourceTree = "<group>"; };
/* End PBXFileReference section */

/* Begin PBXFrameworksBuildPhase section */
		A10000000000000000000040 /* Frameworks */ = {
			isa = PBXFrameworksBuildPhase;
			buildActionMask = 2147483647;
			files = (
			);
			runOnlyForDeploymentPostprocessing = 0;
		};
		A10000000000000000000041 /* Frameworks */ = {
			isa = PBXFrameworksBuildPhase;
			buildActionMask = 2147483647;
			files = (
			);
			runOnlyForDeploymentPostprocessing = 0;
		};
		A10000000000000000000042 /* Frameworks */ = {
			isa = PBXFrameworksBuildPhase;
			buildActionMask = 2147483647;
			files = (
			);
			runOnlyForDeploymentPostprocessing = 0;
		};
		A100000000000000000000B5 /* Frameworks */ = {
			isa = PBXFrameworksBuildPhase;
			buildActionMask = 2147483647;
			files = (
			);
			runOnlyForDeploymentPostprocessing = 0;
		};
/* End PBXFrameworksBuildPhase section */

/* Begin PBXGroup section */
		A10000000000000000000050 = {
			isa = PBXGroup;
			children = (
				A10000000000000000000051 /* PaxHistoriaApple */,
				A10000000000000000000053 /* PaxHistoriaAppleTests */,
				A100000000000000000000BC /* PaxHistoriaAppleUITests */,
				A10000000000000000000052 /* Products */,
			);
			sourceTree = "<group>";
		};
		A10000000000000000000051 /* PaxHistoriaApple */ = {
			isa = PBXGroup;
			children = (
				E10000000000000000000001 /* Assets.xcassets */,
				A100000000000000000000FC /* NativeZAIService.swift */,
				A100000000000000000000E0 /* countries.geojson */,
				A100000000000000000000E1 /* states.geojson */,
				A100000000000000000000E2 /* cities.geojson */,
				A100000000000000000000E3 /* land.geojson */,
				A10000000000000000000001 /* PaxHistoriaApp.swift */,
				A10000000000000000000002 /* ContentView.swift */,
				A10000000000000000000008 /* PlayerCountry.swift */,
				A10000000000000000000009 /* NativeCampaignStore.swift */,
				A1000000000000000000000A /* CountrySelectionView.swift */,
				A1000000000000000000000B /* NativeCampaignModels.swift */,
				A1000000000000000000000C /* NativeGameEngine.swift */,
				A1000000000000000000000D /* NativeFoundationModelService.swift */,
				A1000000000000000000000E /* NativeGameView.swift */,
				A1000000000000000000000F /* NativeGameShell.swift */,
				A10000000000000000000013 /* NativeCountryCoordinates.swift */,
				A10000000000000000000014 /* Native2010WorldModel.swift */,
				A10000000000000000000015 /* NativeStrategyContextDatabase.swift */,
				A1000000000000000000009A /* NativeWorldEconomicsPanel.swift */,
				A1000000000000000000009E /* GeopoliticalMapData.swift */,
				B20000000000000000000001 /* NativeMetalMapBackdrop.swift */,
			);
			path = PaxHistoriaApple;
			sourceTree = "<group>";
		};
		A10000000000000000000052 /* Products */ = {
			isa = PBXGroup;
			children = (
				A10000000000000000000030 /* SwiftHistoria.app */,
				A10000000000000000000031 /* SwiftHistoria iOS.app */,
				A10000000000000000000032 /* PaxHistoriaMacTests.xctest */,
				A100000000000000000000B1 /* PaxHistoriaiOSUITests.xctest */,
			);
			name = Products;
			sourceTree = "<group>";
		};
		A10000000000000000000053 /* PaxHistoriaAppleTests */ = {
			isa = PBXGroup;
			children = (
				A10000000000000000000033 /* NativeBackendTests.swift */,
				A100000000000000000000A3 /* NativeE2ETests.swift */,
				A100000000000000000000C3 /* NativeZAITests.swift */,
			);
			path = PaxHistoriaAppleTests;
			sourceTree = "<group>";
		};
		A100000000000000000000BC /* PaxHistoriaAppleUITests */ = {
			isa = PBXGroup;
			children = (
				A100000000000000000000B2 /* PaxHistoriaiOSUITests.swift */,
			);
			path = PaxHistoriaAppleUITests;
			sourceTree = "<group>";
		};
/* End PBXGroup section */

/* Begin PBXNativeTarget section */
		A10000000000000000000060 /* PaxHistoriaMac */ = {
			isa = PBXNativeTarget;
			buildConfigurationList = A10000000000000000000080 /* Build configuration list for PBXNativeTarget "PaxHistoriaMac" */;
			buildPhases = (
				A10000000000000000000070 /* Sources */,
				A10000000000000000000040 /* Frameworks */,
				A10000000000000000000072 /* Resources */,
			);
			buildRules = (
			);
			dependencies = (
			);
			name = PaxHistoriaMac;
			productName = SwiftHistoria;
			productReference = A10000000000000000000030 /* SwiftHistoria.app */;
			productType = "com.apple.product-type.application";
		};
		A10000000000000000000061 /* PaxHistoriaiOS */ = {
			isa = PBXNativeTarget;
			buildConfigurationList = A10000000000000000000081 /* Build configuration list for PBXNativeTarget "PaxHistoriaiOS" */;
			buildPhases = (
				A10000000000000000000071 /* Sources */,
				A10000000000000000000041 /* Frameworks */,
				A10000000000000000000073 /* Resources */,
			);
			buildRules = (
			);
			dependencies = (
			);
			name = PaxHistoriaiOS;
			productName = "SwiftHistoria iOS";
			productReference = A10000000000000000000031 /* SwiftHistoria iOS.app */;
			productType = "com.apple.product-type.application";
		};
		A10000000000000000000062 /* PaxHistoriaMacTests */ = {
			isa = PBXNativeTarget;
			buildConfigurationList = A10000000000000000000083 /* Build configuration list for PBXNativeTarget "PaxHistoriaMacTests" */;
			buildPhases = (
				A10000000000000000000074 /* Sources */,
				A10000000000000000000042 /* Frameworks */,
				A10000000000000000000075 /* Resources */,
			);
			buildRules = (
			);
			dependencies = (
				A10000000000000000000093 /* PBXTargetDependency */,
			);
			name = PaxHistoriaMacTests;
			productName = PaxHistoriaMacTests;
			productReference = A10000000000000000000032 /* PaxHistoriaMacTests.xctest */;
			productType = "com.apple.product-type.bundle.unit-test";
		};
		A100000000000000000000B0 /* PaxHistoriaiOSUITests */ = {
			isa = PBXNativeTarget;
			buildConfigurationList = A100000000000000000000B9 /* Build configuration list for PBXNativeTarget "PaxHistoriaiOSUITests" */;
			buildPhases = (
				A100000000000000000000B7 /* Sources */,
				A100000000000000000000B5 /* Frameworks */,
				A100000000000000000000B6 /* Resources */,
			);
			buildRules = (
			);
			dependencies = (
				A100000000000000000000B8 /* PBXTargetDependency */,
			);
			name = PaxHistoriaiOSUITests;
			productName = PaxHistoriaiOSUITests;
			productReference = A100000000000000000000B1 /* PaxHistoriaiOSUITests.xctest */;
			productType = "com.apple.product-type.bundle.ui-testing";
		};
/* End PBXNativeTarget section */

/* Begin PBXProject section */
		A10000000000000000000090 /* Project object */ = {
			isa = PBXProject;
			attributes = {
				BuildIndependentTargetsInParallel = 1;
				LastSwiftUpdateCheck = 2650;
				LastUpgradeCheck = 2650;
				TargetAttributes = {
					A10000000000000000000060 = {
						CreatedOnToolsVersion = 26.5;
					};
					A10000000000000000000061 = {
						CreatedOnToolsVersion = 26.5;
					};
					A10000000000000000000062 = {
						CreatedOnToolsVersion = 26.5;
						TestTargetID = A10000000000000000000060;
					};
					A100000000000000000000B0 = {
						CreatedOnToolsVersion = 26.5;
						TestTargetID = A10000000000000000000061;
					};
				};
			};
			buildConfigurationList = A10000000000000000000082 /* Build configuration list for PBXProject "PaxHistoriaApple" */;
			developmentRegion = en;
			hasScannedForEncodings = 0;
			knownRegions = (
				en,
				Base,
			);
			mainGroup = A10000000000000000000050;
			minimizedProjectReferenceProxies = 1;
			preferredProjectObjectVersion = 77;
			productRefGroup = A10000000000000000000052 /* Products */;
			projectDirPath = "";
			projectRoot = "";
			targets = (
				A10000000000000000000060 /* PaxHistoriaMac */,
				A10000000000000000000061 /* PaxHistoriaiOS */,
				A10000000000000000000062 /* PaxHistoriaMacTests */,
				A100000000000000000000B0 /* PaxHistoriaiOSUITests */,
			);
		};
/* End PBXProject section */

/* Begin PBXResourcesBuildPhase section */
		A10000000000000000000072 /* Resources */ = {
			isa = PBXResourcesBuildPhase;
			buildActionMask = 2147483647;
			files = (
				E10000000000000000000002 /* Assets.xcassets in Resources */,
				A100000000000000000000F0 /* countries.geojson in Resources */,
				A100000000000000000000F1 /* states.geojson in Resources */,
				A100000000000000000000F2 /* cities.geojson in Resources */,
				A100000000000000000000F3 /* land.geojson in Resources */,
			);
			runOnlyForDeploymentPostprocessing = 0;
		};
		A10000000000000000000073 /* Resources */ = {
			isa = PBXResourcesBuildPhase;
			buildActionMask = 2147483647;
			files = (
				3DF127D52FDF71C600B72996 /* Assets.xcassets in Resources */,
				3DF127D62FDF71C600B72996 /* countries.geojson in Resources */,
				3DF127D72FDF71C600B72996 /* states.geojson in Resources */,
				3DF127D82FDF71C600B72996 /* cities.geojson in Resources */,
				3DF127D92FDF71C600B72996 /* land.geojson in Resources */,
			);
			runOnlyForDeploymentPostprocessing = 0;
		};
		A10000000000000000000075 /* Resources */ = {
			isa = PBXResourcesBuildPhase;
			buildActionMask = 2147483647;
			files = (
				3DF127DA2FDF71C600B72996 /* Assets.xcassets in Resources */,
				3DF127DB2FDF71C600B72996 /* countries.geojson in Resources */,
				3DF127DC2FDF71C600B72996 /* states.geojson in Resources */,
				3DF127DD2FDF71C600B72996 /* cities.geojson in Resources */,
				3DF127DE2FDF71C600B72996 /* land.geojson in Resources */,
			);
			runOnlyForDeploymentPostprocessing = 0;
		};
		A100000000000000000000B6 /* Resources */ = {
			isa = PBXResourcesBuildPhase;
			buildActionMask = 2147483647;
			files = (
				3DF127DF2FDF71C600B72996 /* Assets.xcassets in Resources */,
				3DF127E02FDF71C600B72996 /* countries.geojson in Resources */,
				3DF127E12FDF71C600B72996 /* states.geojson in Resources */,
				3DF127E22FDF71C600B72996 /* cities.geojson in Resources */,
				3DF127E32FDF71C600B72996 /* land.geojson in Resources */,
			);
			runOnlyForDeploymentPostprocessing = 0;
		};
/* End PBXResourcesBuildPhase section */

/* Begin PBXSourcesBuildPhase section */
		A10000000000000000000070 /* Sources */ = {
			isa = PBXSourcesBuildPhase;
			buildActionMask = 2147483647;
			files = (
				A100000000000000000000FA /* NativeZAIService.swift in Sources */,
				A10000000000000000000010 /* PaxHistoriaApp.swift in Sources */,
				A10000000000000000000011 /* ContentView.swift in Sources */,
				A10000000000000000000017 /* PlayerCountry.swift in Sources */,
				A10000000000000000000018 /* NativeCampaignStore.swift in Sources */,
				A10000000000000000000019 /* CountrySelectionView.swift in Sources */,
				A1000000000000000000002A /* NativeCampaignModels.swift in Sources */,
				A1000000000000000000002C /* NativeGameEngine.swift in Sources */,
				A1000000000000000000002E /* NativeFoundationModelService.swift in Sources */,
				A1000000000000000000003A /* NativeGameView.swift in Sources */,
				A1000000000000000000003C /* NativeGameShell.swift in Sources */,
				A1000000000000000000003E /* NativeCountryCoordinates.swift in Sources */,
				A10000000000000000000044 /* Native2010WorldModel.swift in Sources */,
				A10000000000000000000046 /* NativeStrategyContextDatabase.swift in Sources */,
				A1000000000000000000009B /* NativeWorldEconomicsPanel.swift in Sources */,
				A1000000000000000000009D /* GeopoliticalMapData.swift in Sources */,
				B20000000000000000000003 /* NativeMetalMapBackdrop.swift in Sources */,
			);
			runOnlyForDeploymentPostprocessing = 0;
		};
		A10000000000000000000071 /* Sources */ = {
			isa = PBXSourcesBuildPhase;
			buildActionMask = 2147483647;
			files = (
				A100000000000000000000FB /* NativeZAIService.swift in Sources */,
				A10000000000000000000020 /* PaxHistoriaApp.swift in Sources */,
				A10000000000000000000021 /* ContentView.swift in Sources */,
				A10000000000000000000027 /* PlayerCountry.swift in Sources */,
				A10000000000000000000028 /* NativeCampaignStore.swift in Sources */,
				A10000000000000000000029 /* CountrySelectionView.swift in Sources */,
				A1000000000000000000002B /* NativeCampaignModels.swift in Sources */,
				A1000000000000000000002D /* NativeGameEngine.swift in Sources */,
				A1000000000000000000002F /* NativeFoundationModelService.swift in Sources */,
				A1000000000000000000003B /* NativeGameView.swift in Sources */,
				A1000000000000000000003D /* NativeGameShell.swift in Sources */,
				A1000000000000000000003F /* NativeCountryCoordinates.swift in Sources */,
				A10000000000000000000045 /* Native2010WorldModel.swift in Sources */,
				A10000000000000000000047 /* NativeStrategyContextDatabase.swift in Sources */,
				A1000000000000000000009C /* NativeWorldEconomicsPanel.swift in Sources */,
				A1000000000000000000009F /* GeopoliticalMapData.swift in Sources */,
				B20000000000000000000004 /* NativeMetalMapBackdrop.swift in Sources */,
			);
			runOnlyForDeploymentPostprocessing = 0;
		};
		A10000000000000000000074 /* Sources */ = {
			isa = PBXSourcesBuildPhase;
			buildActionMask = 2147483647;
			files = (
				A10000000000000000000034 /* NativeBackendTests.swift in Sources */,
				A100000000000000000000A4 /* NativeE2ETests.swift in Sources */,
				A100000000000000000000C4 /* NativeZAITests.swift in Sources */,
			);
			runOnlyForDeploymentPostprocessing = 0;
		};
		A100000000000000000000B7 /* Sources */ = {
			isa = PBXSourcesBuildPhase;
			buildActionMask = 2147483647;
			files = (
				A100000000000000000000B3 /* PaxHistoriaiOSUITests.swift in Sources */,
			);
			runOnlyForDeploymentPostprocessing = 0;
		};
/* End PBXSourcesBuildPhase section */

/* Begin PBXTargetDependency section */
		A10000000000000000000093 /* PBXTargetDependency */ = {
			isa = PBXTargetDependency;
			target = A10000000000000000000060 /* PaxHistoriaMac */;
			targetProxy = A10000000000000000000092 /* PBXContainerItemProxy */;
		};
		A100000000000000000000B8 /* PBXTargetDependency */ = {
			isa = PBXTargetDependency;
			target = A10000000000000000000061 /* PaxHistoriaiOS */;
			targetProxy = A100000000000000000000B4 /* PBXContainerItemProxy */;
		};
/* End PBXTargetDependency section */

/* Begin XCBuildConfiguration section */
		A100000000000000000000BA /* Debug */ = {
			isa = XCBuildConfiguration;
			buildSettings = {
				CODE_SIGN_STYLE = Automatic;
				CURRENT_PROJECT_VERSION = 1;
				DEVELOPMENT_TEAM = "";
				ENABLE_USER_SCRIPT_SANDBOXING = NO;
				GENERATE_INFOPLIST_FILE = YES;
				IPHONEOS_DEPLOYMENT_TARGET = 17.0;
				LD_RUNPATH_SEARCH_PATHS = (
					"$(inherited)",
					"@executable_path/Frameworks",
					"@loader_path/Frameworks",
				);
				MARKETING_VERSION = 1.0;
				PRODUCT_BUNDLE_IDENTIFIER = com.gibavargas.SwiftHistoria.ios.uitests;
				PRODUCT_NAME = PaxHistoriaiOSUITests;
				SDKROOT = iphoneos;
				SUPPORTED_PLATFORMS = "iphoneos iphonesimulator";
				SWIFT_VERSION = 6.0;
				TARGETED_DEVICE_FAMILY = "1,2";
				TEST_TARGET_NAME = PaxHistoriaiOS;
			};
			name = Debug;
		};
		A100000000000000000000BB /* Release */ = {
			isa = XCBuildConfiguration;
			buildSettings = {
				CODE_SIGN_STYLE = Automatic;
				CURRENT_PROJECT_VERSION = 1;
				DEVELOPMENT_TEAM = "";
				ENABLE_USER_SCRIPT_SANDBOXING = NO;
				GENERATE_INFOPLIST_FILE = YES;
				IPHONEOS_DEPLOYMENT_TARGET = 17.0;
				LD_RUNPATH_SEARCH_PATHS = (
					"$(inherited)",
					"@executable_path/Frameworks",
					"@loader_path/Frameworks",
				);
				MARKETING_VERSION = 1.0;
				PRODUCT_BUNDLE_IDENTIFIER = com.gibavargas.SwiftHistoria.ios.uitests;
				PRODUCT_NAME = PaxHistoriaiOSUITests;
				SDKROOT = iphoneos;
				SUPPORTED_PLATFORMS = "iphoneos iphonesimulator";
				SWIFT_VERSION = 6.0;
				TARGETED_DEVICE_FAMILY = "1,2";
				TEST_TARGET_NAME = PaxHistoriaiOS;
			};
			name = Release;
		};
		A10000000000000000000100 /* Debug */ = {
			isa = XCBuildConfiguration;
			buildSettings = {
				ALWAYS_SEARCH_USER_PATHS = NO;
				CLANG_ENABLE_MODULES = YES;
				CLANG_ENABLE_OBJC_ARC = YES;
				CLANG_WARN_BLOCK_CAPTURE_AUTORELEASING = YES;
				CLANG_WARN_BOOL_CONVERSION = YES;
				CLANG_WARN_COMMA = YES;
				CLANG_WARN_CONSTANT_CONVERSION = YES;
				CLANG_WARN_DEPRECATED_OBJC_IMPLEMENTATIONS = YES;
				CLANG_WARN_DIRECT_OBJC_ISA_USAGE = YES_ERROR;
				CLANG_WARN_DOCUMENTATION_COMMENTS = YES;
				CLANG_WARN_EMPTY_BODY = YES;
				CLANG_WARN_ENUM_CONVERSION = YES;
				CLANG_WARN_INFINITE_RECURSION = YES;
				CLANG_WARN_INT_CONVERSION = YES;
				CLANG_WARN_NON_LITERAL_NULL_CONVERSION = YES;
				CLANG_WARN_OBJC_IMPLICIT_RETAIN_SELF = YES;
				CLANG_WARN_OBJC_LITERAL_CONVERSION = YES;
				CLANG_WARN_OBJC_ROOT_CLASS = YES_ERROR;
				CLANG_WARN_QUOTED_INCLUDE_IN_FRAMEWORK_HEADER = YES;
				CLANG_WARN_RANGE_LOOP_ANALYSIS = YES;
				CLANG_WARN_STRICT_PROTOTYPES = YES;
				CLANG_WARN_SUSPICIOUS_MOVE = YES;
				CLANG_WARN_UNGUARDED_AVAILABILITY = YES_AGGRESSIVE;
				CLANG_WARN_UNREACHABLE_CODE = YES;
				COPY_PHASE_STRIP = NO;
				DEBUG_INFORMATION_FORMAT = dwarf;
				ENABLE_STRICT_OBJC_MSGSEND = YES;
				ENABLE_TESTABILITY = YES;
				GCC_C_LANGUAGE_STANDARD = gnu17;
				GCC_DYNAMIC_NO_PIC = NO;
				GCC_NO_COMMON_BLOCKS = YES;
				GCC_OPTIMIZATION_LEVEL = 0;
				GCC_PREPROCESSOR_DEFINITIONS = (
					"DEBUG=1",
					"$(inherited)",
				);
				GCC_WARN_64_TO_32_BIT_CONVERSION = YES;
				GCC_WARN_ABOUT_RETURN_TYPE = YES_ERROR;
				GCC_WARN_UNDECLARED_SELECTOR = YES;
				GCC_WARN_UNINITIALIZED_AUTOS = YES_AGGRESSIVE;
				GCC_WARN_UNUSED_FUNCTION = YES;
				GCC_WARN_UNUSED_VARIABLE = YES;
				MTL_ENABLE_DEBUG_INFO = INCLUDE_SOURCE;
				ONLY_ACTIVE_ARCH = YES;
				SDKROOT = auto;
				SWIFT_ACTIVE_COMPILATION_CONDITIONS = DEBUG;
				SWIFT_OPTIMIZATION_LEVEL = "-Onone";
				SWIFT_VERSION = 6.0;
			};
			name = Debug;
		};
		A10000000000000000000101 /* Release */ = {
			isa = XCBuildConfiguration;
			buildSettings = {
				ALWAYS_SEARCH_USER_PATHS = NO;
				CLANG_ENABLE_MODULES = YES;
				CLANG_ENABLE_OBJC_ARC = YES;
				CLANG_WARN_BLOCK_CAPTURE_AUTORELEASING = YES;
				CLANG_WARN_BOOL_CONVERSION = YES;
				CLANG_WARN_COMMA = YES;
				CLANG_WARN_CONSTANT_CONVERSION = YES;
				CLANG_WARN_DEPRECATED_OBJC_IMPLEMENTATIONS = YES;
				CLANG_WARN_DIRECT_OBJC_ISA_USAGE = YES_ERROR;
				CLANG_WARN_DOCUMENTATION_COMMENTS = YES;
				CLANG_WARN_EMPTY_BODY = YES;
				CLANG_WARN_ENUM_CONVERSION = YES;
				CLANG_WARN_INFINITE_RECURSION = YES;
				CLANG_WARN_INT_CONVERSION = YES;
				CLANG_WARN_NON_LITERAL_NULL_CONVERSION = YES;
				CLANG_WARN_OBJC_IMPLICIT_RETAIN_SELF = YES;
				CLANG_WARN_OBJC_LITERAL_CONVERSION = YES;
				CLANG_WARN_OBJC_ROOT_CLASS = YES_ERROR;
				CLANG_WARN_QUOTED_INCLUDE_IN_FRAMEWORK_HEADER = YES;
				CLANG_WARN_RANGE_LOOP_ANALYSIS = YES;
				CLANG_WARN_STRICT_PROTOTYPES = YES;
				CLANG_WARN_SUSPICIOUS_MOVE = YES;
				CLANG_WARN_UNGUARDED_AVAILABILITY = YES_AGGRESSIVE;
				CLANG_WARN_UNREACHABLE_CODE = YES;
				COPY_PHASE_STRIP = NO;
				DEBUG_INFORMATION_FORMAT = "dwarf-with-dsym";
				ENABLE_NS_ASSERTIONS = NO;
				ENABLE_STRICT_OBJC_MSGSEND = YES;
				GCC_C_LANGUAGE_STANDARD = gnu17;
				GCC_NO_COMMON_BLOCKS = YES;
				GCC_WARN_64_TO_32_BIT_CONVERSION = YES;
				GCC_WARN_ABOUT_RETURN_TYPE = YES_ERROR;
				GCC_WARN_UNDECLARED_SELECTOR = YES;
				GCC_WARN_UNINITIALIZED_AUTOS = YES_AGGRESSIVE;
				GCC_WARN_UNUSED_FUNCTION = YES;
				GCC_WARN_UNUSED_VARIABLE = YES;
				MTL_ENABLE_DEBUG_INFO = NO;
				SDKROOT = auto;
				SWIFT_COMPILATION_MODE = wholemodule;
				SWIFT_OPTIMIZATION_LEVEL = "-O";
				SWIFT_VERSION = 6.0;
				VALIDATE_PRODUCT = YES;
			};
			name = Release;
		};
		A10000000000000000000110 /* Debug */ = {
			isa = XCBuildConfiguration;
			buildSettings = {
				ASSETCATALOG_COMPILER_APPICON_NAME = AppIcon;
				CODE_SIGN_IDENTITY = "-";
				CODE_SIGN_STYLE = Manual;
				CURRENT_PROJECT_VERSION = 1;
				DEVELOPMENT_TEAM = "";
				ENABLE_HARDENED_RUNTIME = NO;
				ENABLE_USER_SCRIPT_SANDBOXING = NO;
				GENERATE_INFOPLIST_FILE = YES;
				INFOPLIST_KEY_CFBundleDisplayName = SwiftHistoria;
				INFOPLIST_KEY_LSApplicationCategoryType = "public.app-category.games";
				LD_RUNPATH_SEARCH_PATHS = (
					"$(inherited)",
					"@executable_path/../Frameworks",
				);
				MACOSX_DEPLOYMENT_TARGET = 14.0;
				MARKETING_VERSION = 1.0;
				PRODUCT_BUNDLE_IDENTIFIER = com.gibavargas.SwiftHistoria.mac;
				PRODUCT_NAME = SwiftHistoria;
				SDKROOT = macosx;
				SUPPORTED_PLATFORMS = macosx;
				SWIFT_VERSION = 6.0;
			};
			name = Debug;
		};
		A10000000000000000000111 /* Release */ = {
			isa = XCBuildConfiguration;
			buildSettings = {
				ASSETCATALOG_COMPILER_APPICON_NAME = AppIcon;
				CODE_SIGN_IDENTITY = "-";
				CODE_SIGN_STYLE = Manual;
				CURRENT_PROJECT_VERSION = 1;
				DEVELOPMENT_TEAM = "";
				ENABLE_HARDENED_RUNTIME = NO;
				ENABLE_USER_SCRIPT_SANDBOXING = NO;
				GENERATE_INFOPLIST_FILE = YES;
				INFOPLIST_KEY_CFBundleDisplayName = SwiftHistoria;
				INFOPLIST_KEY_LSApplicationCategoryType = "public.app-category.games";
				LD_RUNPATH_SEARCH_PATHS = (
					"$(inherited)",
					"@executable_path/../Frameworks",
				);
				MACOSX_DEPLOYMENT_TARGET = 14.0;
				MARKETING_VERSION = 1.0;
				PRODUCT_BUNDLE_IDENTIFIER = com.gibavargas.SwiftHistoria.mac;
				PRODUCT_NAME = SwiftHistoria;
				SDKROOT = macosx;
				SUPPORTED_PLATFORMS = macosx;
				SWIFT_VERSION = 6.0;
			};
			name = Release;
		};
		A10000000000000000000120 /* Debug */ = {
			isa = XCBuildConfiguration;
			buildSettings = {
				ASSETCATALOG_COMPILER_APPICON_NAME = AppIcon;
				CODE_SIGN_STYLE = Automatic;
				CURRENT_PROJECT_VERSION = 1;
				DEVELOPMENT_TEAM = G9TC58H24R;
				ENABLE_USER_SCRIPT_SANDBOXING = NO;
				GENERATE_INFOPLIST_FILE = YES;
				INFOPLIST_KEY_CFBundleDisplayName = SwiftHistoria;
				INFOPLIST_KEY_UILaunchScreen_Generation = YES;
				INFOPLIST_KEY_UIRequiresFullScreen = YES;
				IPHONEOS_DEPLOYMENT_TARGET = 17.0;
				LD_RUNPATH_SEARCH_PATHS = (
					"$(inherited)",
					"@executable_path/Frameworks",
				);
				MARKETING_VERSION = 1.0;
				PRODUCT_BUNDLE_IDENTIFIER = com.gibavargas.SwiftHistoria.ios;
				PRODUCT_NAME = "SwiftHistoria iOS";
				SDKROOT = iphoneos;
				SUPPORTED_PLATFORMS = "iphoneos iphonesimulator";
				SUPPORTS_MACCATALYST = NO;
				SWIFT_VERSION = 6.0;
				TARGETED_DEVICE_FAMILY = "1,2";
			};
			name = Debug;
		};
		A10000000000000000000121 /* Release */ = {
			isa = XCBuildConfiguration;
			buildSettings = {
				ASSETCATALOG_COMPILER_APPICON_NAME = AppIcon;
				CODE_SIGN_STYLE = Automatic;
				CURRENT_PROJECT_VERSION = 1;
				DEVELOPMENT_TEAM = G9TC58H24R;
				ENABLE_USER_SCRIPT_SANDBOXING = NO;
				GENERATE_INFOPLIST_FILE = YES;
				INFOPLIST_KEY_CFBundleDisplayName = SwiftHistoria;
				INFOPLIST_KEY_UILaunchScreen_Generation = YES;
				INFOPLIST_KEY_UIRequiresFullScreen = YES;
				IPHONEOS_DEPLOYMENT_TARGET = 17.0;
				LD_RUNPATH_SEARCH_PATHS = (
					"$(inherited)",
					"@executable_path/Frameworks",
				);
				MARKETING_VERSION = 1.0;
				PRODUCT_BUNDLE_IDENTIFIER = com.gibavargas.SwiftHistoria.ios;
				PRODUCT_NAME = "SwiftHistoria iOS";
				SDKROOT = iphoneos;
				SUPPORTED_PLATFORMS = "iphoneos iphonesimulator";
				SUPPORTS_MACCATALYST = NO;
				SWIFT_VERSION = 6.0;
				TARGETED_DEVICE_FAMILY = "1,2";
			};
			name = Release;
		};
		A10000000000000000000130 /* Debug */ = {
			isa = XCBuildConfiguration;
			buildSettings = {
				BUNDLE_LOADER = "$(TEST_HOST)";
				CODE_SIGN_IDENTITY = "-";
				CODE_SIGN_STYLE = Manual;
				CURRENT_PROJECT_VERSION = 1;
				DEVELOPMENT_TEAM = "";
				ENABLE_USER_SCRIPT_SANDBOXING = NO;
				GENERATE_INFOPLIST_FILE = YES;
				LD_RUNPATH_SEARCH_PATHS = (
					"$(inherited)",
					"@loader_path/../Frameworks",
					"@executable_path/../Frameworks",
				);
				MACOSX_DEPLOYMENT_TARGET = 14.0;
				MARKETING_VERSION = 1.0;
				PRODUCT_BUNDLE_IDENTIFIER = com.gibavargas.SwiftHistoria.mac.tests;
				PRODUCT_NAME = PaxHistoriaMacTests;
				SDKROOT = macosx;
				SUPPORTED_PLATFORMS = macosx;
				SWIFT_VERSION = 6.0;
				TEST_HOST = "$(BUILT_PRODUCTS_DIR)/SwiftHistoria.app/Contents/MacOS/SwiftHistoria";
			};
			name = Debug;
		};
		A10000000000000000000131 /* Release */ = {
			isa = XCBuildConfiguration;
			buildSettings = {
				BUNDLE_LOADER = "$(TEST_HOST)";
				CODE_SIGN_IDENTITY = "-";
				CODE_SIGN_STYLE = Manual;
				CURRENT_PROJECT_VERSION = 1;
				DEVELOPMENT_TEAM = "";
				ENABLE_USER_SCRIPT_SANDBOXING = NO;
				GENERATE_INFOPLIST_FILE = YES;
				LD_RUNPATH_SEARCH_PATHS = (
					"$(inherited)",
					"@loader_path/../Frameworks",
					"@executable_path/../Frameworks",
				);
				MACOSX_DEPLOYMENT_TARGET = 14.0;
				MARKETING_VERSION = 1.0;
				PRODUCT_BUNDLE_IDENTIFIER = com.gibavargas.SwiftHistoria.mac.tests;
				PRODUCT_NAME = PaxHistoriaMacTests;
				SDKROOT = macosx;
				SUPPORTED_PLATFORMS = macosx;
				SWIFT_VERSION = 6.0;
				TEST_HOST = "$(BUILT_PRODUCTS_DIR)/SwiftHistoria.app/Contents/MacOS/SwiftHistoria";
			};
			name = Release;
		};
/* End XCBuildConfiguration section */

/* Begin XCConfigurationList section */
		A10000000000000000000080 /* Build configuration list for PBXNativeTarget "PaxHistoriaMac" */ = {
			isa = XCConfigurationList;
			buildConfigurations = (
				A10000000000000000000110 /* Debug */,
				A10000000000000000000111 /* Release */,
			);
			defaultConfigurationIsVisible = 0;
			defaultConfigurationName = Debug;
		};
		A10000000000000000000081 /* Build configuration list for PBXNativeTarget "PaxHistoriaiOS" */ = {
			isa = XCConfigurationList;
			buildConfigurations = (
				A10000000000000000000120 /* Debug */,
				A10000000000000000000121 /* Release */,
			);
			defaultConfigurationIsVisible = 0;
			defaultConfigurationName = Debug;
		};
		A10000000000000000000082 /* Build configuration list for PBXProject "PaxHistoriaApple" */ = {
			isa = XCConfigurationList;
			buildConfigurations = (
				A10000000000000000000100 /* Debug */,
				A10000000000000000000101 /* Release */,
			);
			defaultConfigurationIsVisible = 0;
			defaultConfigurationName = Debug;
		};
		A10000000000000000000083 /* Build configuration list for PBXNativeTarget "PaxHistoriaMacTests" */ = {
			isa = XCConfigurationList;
			buildConfigurations = (
				A10000000000000000000130 /* Debug */,
				A10000000000000000000131 /* Release */,
			);
			defaultConfigurationIsVisible = 0;
			defaultConfigurationName = Debug;
		};
		A100000000000000000000B9 /* Build configuration list for PBXNativeTarget "PaxHistoriaiOSUITests" */ = {
			isa = XCConfigurationList;
			buildConfigurations = (
				A100000000000000000000BA /* Debug */,
				A100000000000000000000BB /* Release */,
			);
			defaultConfigurationIsVisible = 0;
			defaultConfigurationName = Debug;
		};
/* End XCConfigurationList section */
	};
	rootObject = A10000000000000000000090 /* Project object */;
}
